// !$*UTF8*$!
{
	archiveVersion = 1;
	classes = {
	};
	objectVersion = 56;
	objects = {

/* Begin PBXBuildFile section */
		D362085A2B25388F00C187DC /* RoutableCoordinatorProtocol.swift in Sources */ = {isa = PBXBuildFile; fileRef = D36208592B25388F00C187DC /* RoutableCoordinatorProtocol.swift */; };
		D379B0D22B2689A600E8E3DD /* NetworkError.swift in Sources */ = {isa = PBXBuildFile; fileRef = D379B0D12B2689A600E8E3DD /* NetworkError.swift */; };
		D385D3E62B248E1400BF983D /* Weather.xcdatamodeld in Sources */ = {isa = PBXBuildFile; fileRef = D385D3E42B248E1400BF983D /* Weather.xcdatamodeld */; };
		D3E4B3792B240161001B55FA /* AppDelegate.swift in Sources */ = {isa = PBXBuildFile; fileRef = D3E4B3782B240161001B55FA /* AppDelegate.swift */; };
		D3E4B37B2B240161001B55FA /* SceneDelegate.swift in Sources */ = {isa = PBXBuildFile; fileRef = D3E4B37A2B240161001B55FA /* SceneDelegate.swift */; };
		D3E4B3822B240163001B55FA /* Assets.xcassets in Resources */ = {isa = PBXBuildFile; fileRef = D3E4B3812B240163001B55FA /* Assets.xcassets */; };
		D3E4B3852B240163001B55FA /* LaunchScreen.storyboard in Resources */ = {isa = PBXBuildFile; fileRef = D3E4B3832B240163001B55FA /* LaunchScreen.storyboard */; };
		D3E4B3912B24028A001B55FA /* Resources.swift in Sources */ = {isa = PBXBuildFile; fileRef = D3E4B3902B24028A001B55FA /* Resources.swift */; };
		D3E4B39D2B240395001B55FA /* ForecastProtocol.swift in Sources */ = {isa = PBXBuildFile; fileRef = D3E4B3952B240394001B55FA /* ForecastProtocol.swift */; };
		D3E4B39E2B240395001B55FA /* WeatherResponseProtocol.swift in Sources */ = {isa = PBXBuildFile; fileRef = D3E4B3962B240395001B55FA /* WeatherResponseProtocol.swift */; };
		D3E4B39F2B240395001B55FA /* DailyForecastProtocol.swift in Sources */ = {isa = PBXBuildFile; fileRef = D3E4B3972B240395001B55FA /* DailyForecastProtocol.swift */; };
		D3E4B3A02B240395001B55FA /* ConditionProtocol.swift in Sources */ = {isa = PBXBuildFile; fileRef = D3E4B3982B240395001B55FA /* ConditionProtocol.swift */; };
		D3E4B3A12B240395001B55FA /* DayWeatherProtocol.swift in Sources */ = {isa = PBXBuildFile; fileRef = D3E4B3992B240395001B55FA /* DayWeatherProtocol.swift */; };
		D3E4B3A22B240395001B55FA /* CurrentWeatherProtocol.swift in Sources */ = {isa = PBXBuildFile; fileRef = D3E4B39A2B240395001B55FA /* CurrentWeatherProtocol.swift */; };
		D3E4B3A32B240395001B55FA /* CoordinatorProtocol.swift in Sources */ = {isa = PBXBuildFile; fileRef = D3E4B39B2B240395001B55FA /* CoordinatorProtocol.swift */; };
		D3E4B3A42B240395001B55FA /* RegionProtocol.swift in Sources */ = {isa = PBXBuildFile; fileRef = D3E4B39C2B240395001B55FA /* RegionProtocol.swift */; };
		D3E4B3AC2B2403A2001B55FA /* DayWeather.swift in Sources */ = {isa = PBXBuildFile; fileRef = D3E4B3A52B2403A2001B55FA /* DayWeather.swift */; };
		D3E4B3AD2B2403A2001B55FA /* WeatherResponse.swift in Sources */ = {isa = PBXBuildFile; fileRef = D3E4B3A62B2403A2001B55FA /* WeatherResponse.swift */; };
		D3E4B3AE2B2403A2001B55FA /* DailyForecast.swift in Sources */ = {isa = PBXBuildFile; fileRef = D3E4B3A72B2403A2001B55FA /* DailyForecast.swift */; };
		D3E4B3AF2B2403A2001B55FA /* CurrentWeather.swift in Sources */ = {isa = PBXBuildFile; fileRef = D3E4B3A82B2403A2001B55FA /* CurrentWeather.swift */; };
		D3E4B3B02B2403A2001B55FA /* Condition.swift in Sources */ = {isa = PBXBuildFile; fileRef = D3E4B3A92B2403A2001B55FA /* Condition.swift */; };
		D3E4B3B12B2403A2001B55FA /* Region.swift in Sources */ = {isa = PBXBuildFile; fileRef = D3E4B3AA2B2403A2001B55FA /* Region.swift */; };
		D3E4B3B22B2403A2001B55FA /* Forecast.swift in Sources */ = {isa = PBXBuildFile; fileRef = D3E4B3AB2B2403A2001B55FA /* Forecast.swift */; };
		D3E4B3B62B2403E1001B55FA /* NetworkManagerProtocol.swift in Sources */ = {isa = PBXBuildFile; fileRef = D3E4B3B52B2403E1001B55FA /* NetworkManagerProtocol.swift */; };
		D3E4B3B82B2403E7001B55FA /* NetworkManager.swift in Sources */ = {isa = PBXBuildFile; fileRef = D3E4B3B72B2403E7001B55FA /* NetworkManager.swift */; };
		D3E4B3C22B24049F001B55FA /* MainViewController.swift in Sources */ = {isa = PBXBuildFile; fileRef = D3E4B3C12B24049F001B55FA /* MainViewController.swift */; };
		D3E4B3C42B2404B3001B55FA /* MainViewModelProtocol.swift in Sources */ = {isa = PBXBuildFile; fileRef = D3E4B3C32B2404B3001B55FA /* MainViewModelProtocol.swift */; };
		D3E4B3C62B2404BB001B55FA /* MainViewModel.swift in Sources */ = {isa = PBXBuildFile; fileRef = D3E4B3C52B2404BB001B55FA /* MainViewModel.swift */; };
		D3E4B3C92B2404D2001B55FA /* MainViewFactoryProtocol.swift in Sources */ = {isa = PBXBuildFile; fileRef = D3E4B3C72B2404D2001B55FA /* MainViewFactoryProtocol.swift */; };
		D3E4B3CA2B2404D2001B55FA /* MainViewCoordinatorProtocol.swift in Sources */ = {isa = PBXBuildFile; fileRef = D3E4B3C82B2404D2001B55FA /* MainViewCoordinatorProtocol.swift */; };
		D3E4B3CD2B2404DE001B55FA /* MainViewCoordinator.swift in Sources */ = {isa = PBXBuildFile; fileRef = D3E4B3CB2B2404DE001B55FA /* MainViewCoordinator.swift */; };
		D3E4B3CE2B2404DE001B55FA /* MainViewFactory.swift in Sources */ = {isa = PBXBuildFile; fileRef = D3E4B3CC2B2404DE001B55FA /* MainViewFactory.swift */; };
		D3E4B3D02B2404EF001B55FA /* WeatherListView.swift in Sources */ = {isa = PBXBuildFile; fileRef = D3E4B3CF2B2404EF001B55FA /* WeatherListView.swift */; };
		D3E4B3DC2B24064F001B55FA /* WeatherViewDataModels.swift in Sources */ = {isa = PBXBuildFile; fileRef = D3E4B3DA2B24064F001B55FA /* WeatherViewDataModels.swift */; };
		D3E4B3DD2B24064F001B55FA /* DetailAirConditionDataModel.swift in Sources */ = {isa = PBXBuildFile; fileRef = D3E4B3DB2B24064F001B55FA /* DetailAirConditionDataModel.swift */; };
		D3E4B3E12B240678001B55FA /* WeatherViewModuleFactoryProtocol.swift in Sources */ = {isa = PBXBuildFile; fileRef = D3E4B3E02B240678001B55FA /* WeatherViewModuleFactoryProtocol.swift */; };
		D3E4B3EB2B240693001B55FA /* WeatherViewModuleFactory.swift in Sources */ = {isa = PBXBuildFile; fileRef = D3E4B3E82B240693001B55FA /* WeatherViewModuleFactory.swift */; };
		D3E4B3F02B2406D5001B55FA /* WeatherViewCoordinatorProtocol.swift in Sources */ = {isa = PBXBuildFile; fileRef = D3E4B3EE2B2406D5001B55FA /* WeatherViewCoordinatorProtocol.swift */; };
		D3E4B3F12B2406D5001B55FA /* DetailAirConditionCoordinatorProtocol.swift in Sources */ = {isa = PBXBuildFile; fileRef = D3E4B3EF2B2406D5001B55FA /* DetailAirConditionCoordinatorProtocol.swift */; };
		D3E4B3F42B2406DE001B55FA /* WeatherViewCoordinator.swift in Sources */ = {isa = PBXBuildFile; fileRef = D3E4B3F22B2406DE001B55FA /* WeatherViewCoordinator.swift */; };
		D3E4B3F52B2406DE001B55FA /* DetailAirConditionCoordinator.swift in Sources */ = {isa = PBXBuildFile; fileRef = D3E4B3F32B2406DE001B55FA /* DetailAirConditionCoordinator.swift */; };
		D3E4B3F92B24071F001B55FA /* LocationManagerProtocol.swift in Sources */ = {isa = PBXBuildFile; fileRef = D3E4B3F82B24071F001B55FA /* LocationManagerProtocol.swift */; };
		D3E4B3FB2B24072C001B55FA /* LocationManager.swift in Sources */ = {isa = PBXBuildFile; fileRef = D3E4B3FA2B24072C001B55FA /* LocationManager.swift */; };
		D3E4B3FD2B24076E001B55FA /* AirConditionViewModelProtocol.swift in Sources */ = {isa = PBXBuildFile; fileRef = D3E4B3FC2B24076E001B55FA /* AirConditionViewModelProtocol.swift */; };
		D3E4B3FF2B240777001B55FA /* DayForecastViewModelProtocol.swift in Sources */ = {isa = PBXBuildFile; fileRef = D3E4B3FE2B240777001B55FA /* DayForecastViewModelProtocol.swift */; };
		D3E4B4042B240789001B55FA /* WeatherViewModelProtocol.swift in Sources */ = {isa = PBXBuildFile; fileRef = D3E4B4002B240789001B55FA /* WeatherViewModelProtocol.swift */; };
		D3E4B4052B240789001B55FA /* HeaderViewModelProtocol.swift in Sources */ = {isa = PBXBuildFile; fileRef = D3E4B4012B240789001B55FA /* HeaderViewModelProtocol.swift */; };
		D3E4B4062B240789001B55FA /* WeekForecastViewModelProtocol.swift in Sources */ = {isa = PBXBuildFile; fileRef = D3E4B4022B240789001B55FA /* WeekForecastViewModelProtocol.swift */; };
		D3E4B4072B240789001B55FA /* DetailAirConditionViewModelProtocol.swift in Sources */ = {isa = PBXBuildFile; fileRef = D3E4B4032B240789001B55FA /* DetailAirConditionViewModelProtocol.swift */; };
		D3E4B4092B2407AB001B55FA /* AirConditionViewModel.swift in Sources */ = {isa = PBXBuildFile; fileRef = D3E4B4082B2407AB001B55FA /* AirConditionViewModel.swift */; };
		D3E4B40D2B2407B4001B55FA /* DayForecastViewModel.swift in Sources */ = {isa = PBXBuildFile; fileRef = D3E4B40A2B2407B4001B55FA /* DayForecastViewModel.swift */; };
		D3E4B40E2B2407B4001B55FA /* DetailAirConditionViewModel.swift in Sources */ = {isa = PBXBuildFile; fileRef = D3E4B40B2B2407B4001B55FA /* DetailAirConditionViewModel.swift */; };
		D3E4B40F2B2407B4001B55FA /* HeaderViewModel.swift in Sources */ = {isa = PBXBuildFile; fileRef = D3E4B40C2B2407B4001B55FA /* HeaderViewModel.swift */; };
		D3E4B4122B2407BC001B55FA /* WeatherViewModel.swift in Sources */ = {isa = PBXBuildFile; fileRef = D3E4B4102B2407BC001B55FA /* WeatherViewModel.swift */; };
		D3E4B4132B2407BC001B55FA /* WeekForecastViewModel.swift in Sources */ = {isa = PBXBuildFile; fileRef = D3E4B4112B2407BC001B55FA /* WeekForecastViewModel.swift */; };
		D3E4B4182B2407F8001B55FA /* AirConditionsItem.swift in Sources */ = {isa = PBXBuildFile; fileRef = D3E4B4142B2407F8001B55FA /* AirConditionsItem.swift */; };
		D3E4B4192B2407F8001B55FA /* DayForecastCell.swift in Sources */ = {isa = PBXBuildFile; fileRef = D3E4B4152B2407F8001B55FA /* DayForecastCell.swift */; };
		D3E4B41A2B2407F8001B55FA /* WeekDayCell.swift in Sources */ = {isa = PBXBuildFile; fileRef = D3E4B4162B2407F8001B55FA /* WeekDayCell.swift */; };
		D3E4B41B2B2407F8001B55FA /* AirConditionCell.swift in Sources */ = {isa = PBXBuildFile; fileRef = D3E4B4172B2407F8001B55FA /* AirConditionCell.swift */; };
		D3E4B41F2B240814001B55FA /* WeekForecastView.swift in Sources */ = {isa = PBXBuildFile; fileRef = D3E4B41C2B240814001B55FA /* WeekForecastView.swift */; };
		D3E4B4202B240814001B55FA /* DayForecastView.swift in Sources */ = {isa = PBXBuildFile; fileRef = D3E4B41D2B240814001B55FA /* DayForecastView.swift */; };
		D3E4B4212B240814001B55FA /* HeaderView.swift in Sources */ = {isa = PBXBuildFile; fileRef = D3E4B41E2B240814001B55FA /* HeaderView.swift */; };
		D3E4B4232B24081A001B55FA /* AirConditionView.swift in Sources */ = {isa = PBXBuildFile; fileRef = D3E4B4222B24081A001B55FA /* AirConditionView.swift */; };
		D3E4B4262B240836001B55FA /* WeatherViewController.swift in Sources */ = {isa = PBXBuildFile; fileRef = D3E4B4242B240836001B55FA /* WeatherViewController.swift */; };
		D3E4B4272B240836001B55FA /* DetailAirConditionView.swift in Sources */ = {isa = PBXBuildFile; fileRef = D3E4B4252B240836001B55FA /* DetailAirConditionView.swift */; };
		D3E4B42E2B240BCB001B55FA /* WeatherListCell.swift in Sources */ = {isa = PBXBuildFile; fileRef = D3E4B42D2B240BCB001B55FA /* WeatherListCell.swift */; };
		D3E4B4302B240BD9001B55FA /* SearchView.swift in Sources */ = {isa = PBXBuildFile; fileRef = D3E4B42F2B240BD9001B55FA /* SearchView.swift */; };
		D3E4B4342B240BFC001B55FA /* SearchViewModel.swift in Sources */ = {isa = PBXBuildFile; fileRef = D3E4B4312B240BFB001B55FA /* SearchViewModel.swift */; };
		D3E4B4362B240BFC001B55FA /* WeatherListViewModel.swift in Sources */ = {isa = PBXBuildFile; fileRef = D3E4B4332B240BFC001B55FA /* WeatherListViewModel.swift */; };
		D3E4B43A2B240C1C001B55FA /* WeatherListViewModelProtocol.swift in Sources */ = {isa = PBXBuildFile; fileRef = D3E4B4382B240C1C001B55FA /* WeatherListViewModelProtocol.swift */; };
		D3E4B43B2B240C1C001B55FA /* SearchViewModelProtocol.swift in Sources */ = {isa = PBXBuildFile; fileRef = D3E4B4392B240C1C001B55FA /* SearchViewModelProtocol.swift */; };
		D3E4B4402B240C53001B55FA /* StorageManagerProtocol.swift in Sources */ = {isa = PBXBuildFile; fileRef = D3E4B43F2B240C53001B55FA /* StorageManagerProtocol.swift */; };
		D3E4B4422B240C65001B55FA /* StorageManager.swift in Sources */ = {isa = PBXBuildFile; fileRef = D3E4B4412B240C65001B55FA /* StorageManager.swift */; };
		D3E4B4462B240C7F001B55FA /* WeatherListOutput.swift in Sources */ = {isa = PBXBuildFile; fileRef = D3E4B4442B240C7F001B55FA /* WeatherListOutput.swift */; };
		D3E4B4472B240C7F001B55FA /* SearchViewOutput.swift in Sources */ = {isa = PBXBuildFile; fileRef = D3E4B4452B240C7F001B55FA /* SearchViewOutput.swift */; };
		D3E4B44B2B240CAC001B55FA /* WeatherListViewFactory.swift in Sources */ = {isa = PBXBuildFile; fileRef = D3E4B44A2B240CAB001B55FA /* WeatherListViewFactory.swift */; };
		D3E4B44D2B240CB5001B55FA /* WeatherListViewFactoryProtocol.swift in Sources */ = {isa = PBXBuildFile; fileRef = D3E4B44C2B240CB5001B55FA /* WeatherListViewFactoryProtocol.swift */; };
		D3E4B4502B240CCE001B55FA /* WeatherListViewCoordinatorProtocol.swift in Sources */ = {isa = PBXBuildFile; fileRef = D3E4B44F2B240CCE001B55FA /* WeatherListViewCoordinatorProtocol.swift */; };
		D3E4B4522B240CDB001B55FA /* WeatherListViewCoordinator.swift in Sources */ = {isa = PBXBuildFile; fileRef = D3E4B4512B240CDB001B55FA /* WeatherListViewCoordinator.swift */; };
/* End PBXBuildFile section */

/* Begin PBXFileReference section */
		D36208592B25388F00C187DC /* RoutableCoordinatorProtocol.swift */ = {isa = PBXFileReference; lastKnownFileType = sourcecode.swift; path = RoutableCoordinatorProtocol.swift; sourceTree = "<group>"; };
		D379B0D12B2689A600E8E3DD /* NetworkError.swift */ = {isa = PBXFileReference; lastKnownFileType = sourcecode.swift; path = NetworkError.swift; sourceTree = "<group>"; };
		D385D3E52B248E1400BF983D /* Weather.xcdatamodel */ = {isa = PBXFileReference; lastKnownFileType = wrapper.xcdatamodel; path = Weather.xcdatamodel; sourceTree = "<group>"; };
		D3E4B3752B240161001B55FA /* Weather.app */ = {isa = PBXFileReference; explicitFileType = wrapper.application; includeInIndex = 0; path = Weather.app; sourceTree = BUILT_PRODUCTS_DIR; };
		D3E4B3782B240161001B55FA /* AppDelegate.swift */ = {isa = PBXFileReference; lastKnownFileType = sourcecode.swift; path = AppDelegate.swift; sourceTree = "<group>"; };
		D3E4B37A2B240161001B55FA /* SceneDelegate.swift */ = {isa = PBXFileReference; lastKnownFileType = sourcecode.swift; path = SceneDelegate.swift; sourceTree = "<group>"; };
		D3E4B3812B240163001B55FA /* Assets.xcassets */ = {isa = PBXFileReference; lastKnownFileType = folder.assetcatalog; path = Assets.xcassets; sourceTree = "<group>"; };
		D3E4B3842B240163001B55FA /* Base */ = {isa = PBXFileReference; lastKnownFileType = file.storyboard; name = Base; path = Base.lproj/LaunchScreen.storyboard; sourceTree = "<group>"; };
		D3E4B3862B240163001B55FA /* Info.plist */ = {isa = PBXFileReference; lastKnownFileType = text.plist.xml; path = Info.plist; sourceTree = "<group>"; };
		D3E4B3902B24028A001B55FA /* Resources.swift */ = {isa = PBXFileReference; fileEncoding = 4; lastKnownFileType = sourcecode.swift; path = Resources.swift; sourceTree = "<group>"; };
		D3E4B3952B240394001B55FA /* ForecastProtocol.swift */ = {isa = PBXFileReference; fileEncoding = 4; lastKnownFileType = sourcecode.swift; path = ForecastProtocol.swift; sourceTree = "<group>"; };
		D3E4B3962B240395001B55FA /* WeatherResponseProtocol.swift */ = {isa = PBXFileReference; fileEncoding = 4; lastKnownFileType = sourcecode.swift; path = WeatherResponseProtocol.swift; sourceTree = "<group>"; };
		D3E4B3972B240395001B55FA /* DailyForecastProtocol.swift */ = {isa = PBXFileReference; fileEncoding = 4; lastKnownFileType = sourcecode.swift; path = DailyForecastProtocol.swift; sourceTree = "<group>"; };
		D3E4B3982B240395001B55FA /* ConditionProtocol.swift */ = {isa = PBXFileReference; fileEncoding = 4; lastKnownFileType = sourcecode.swift; path = ConditionProtocol.swift; sourceTree = "<group>"; };
		D3E4B3992B240395001B55FA /* DayWeatherProtocol.swift */ = {isa = PBXFileReference; fileEncoding = 4; lastKnownFileType = sourcecode.swift; path = DayWeatherProtocol.swift; sourceTree = "<group>"; };
		D3E4B39A2B240395001B55FA /* CurrentWeatherProtocol.swift */ = {isa = PBXFileReference; fileEncoding = 4; lastKnownFileType = sourcecode.swift; path = CurrentWeatherProtocol.swift; sourceTree = "<group>"; };
		D3E4B39B2B240395001B55FA /* CoordinatorProtocol.swift */ = {isa = PBXFileReference; fileEncoding = 4; lastKnownFileType = sourcecode.swift; path = CoordinatorProtocol.swift; sourceTree = "<group>"; };
		D3E4B39C2B240395001B55FA /* RegionProtocol.swift */ = {isa = PBXFileReference; fileEncoding = 4; lastKnownFileType = sourcecode.swift; path = RegionProtocol.swift; sourceTree = "<group>"; };
		D3E4B3A52B2403A2001B55FA /* DayWeather.swift */ = {isa = PBXFileReference; fileEncoding = 4; lastKnownFileType = sourcecode.swift; path = DayWeather.swift; sourceTree = "<group>"; };
		D3E4B3A62B2403A2001B55FA /* WeatherResponse.swift */ = {isa = PBXFileReference; fileEncoding = 4; lastKnownFileType = sourcecode.swift; path = WeatherResponse.swift; sourceTree = "<group>"; };
		D3E4B3A72B2403A2001B55FA /* DailyForecast.swift */ = {isa = PBXFileReference; fileEncoding = 4; lastKnownFileType = sourcecode.swift; path = DailyForecast.swift; sourceTree = "<group>"; };
		D3E4B3A82B2403A2001B55FA /* CurrentWeather.swift */ = {isa = PBXFileReference; fileEncoding = 4; lastKnownFileType = sourcecode.swift; path = CurrentWeather.swift; sourceTree = "<group>"; };
		D3E4B3A92B2403A2001B55FA /* Condition.swift */ = {isa = PBXFileReference; fileEncoding = 4; lastKnownFileType = sourcecode.swift; path = Condition.swift; sourceTree = "<group>"; };
		D3E4B3AA2B2403A2001B55FA /* Region.swift */ = {isa = PBXFileReference; fileEncoding = 4; lastKnownFileType = sourcecode.swift; path = Region.swift; sourceTree = "<group>"; };
		D3E4B3AB2B2403A2001B55FA /* Forecast.swift */ = {isa = PBXFileReference; fileEncoding = 4; lastKnownFileType = sourcecode.swift; path = Forecast.swift; sourceTree = "<group>"; };
		D3E4B3B52B2403E1001B55FA /* NetworkManagerProtocol.swift */ = {isa = PBXFileReference; fileEncoding = 4; lastKnownFileType = sourcecode.swift; path = NetworkManagerProtocol.swift; sourceTree = "<group>"; };
		D3E4B3B72B2403E7001B55FA /* NetworkManager.swift */ = {isa = PBXFileReference; fileEncoding = 4; lastKnownFileType = sourcecode.swift; path = NetworkManager.swift; sourceTree = "<group>"; };
		D3E4B3C12B24049F001B55FA /* MainViewController.swift */ = {isa = PBXFileReference; fileEncoding = 4; lastKnownFileType = sourcecode.swift; path = MainViewController.swift; sourceTree = "<group>"; };
		D3E4B3C32B2404B3001B55FA /* MainViewModelProtocol.swift */ = {isa = PBXFileReference; fileEncoding = 4; lastKnownFileType = sourcecode.swift; path = MainViewModelProtocol.swift; sourceTree = "<group>"; };
		D3E4B3C52B2404BB001B55FA /* MainViewModel.swift */ = {isa = PBXFileReference; fileEncoding = 4; lastKnownFileType = sourcecode.swift; path = MainViewModel.swift; sourceTree = "<group>"; };
		D3E4B3C72B2404D2001B55FA /* MainViewFactoryProtocol.swift */ = {isa = PBXFileReference; fileEncoding = 4; lastKnownFileType = sourcecode.swift; path = MainViewFactoryProtocol.swift; sourceTree = "<group>"; };
		D3E4B3C82B2404D2001B55FA /* MainViewCoordinatorProtocol.swift */ = {isa = PBXFileReference; fileEncoding = 4; lastKnownFileType = sourcecode.swift; path = MainViewCoordinatorProtocol.swift; sourceTree = "<group>"; };
		D3E4B3CB2B2404DE001B55FA /* MainViewCoordinator.swift */ = {isa = PBXFileReference; fileEncoding = 4; lastKnownFileType = sourcecode.swift; path = MainViewCoordinator.swift; sourceTree = "<group>"; };
		D3E4B3CC2B2404DE001B55FA /* MainViewFactory.swift */ = {isa = PBXFileReference; fileEncoding = 4; lastKnownFileType = sourcecode.swift; path = MainViewFactory.swift; sourceTree = "<group>"; };
		D3E4B3CF2B2404EF001B55FA /* WeatherListView.swift */ = {isa = PBXFileReference; fileEncoding = 4; lastKnownFileType = sourcecode.swift; path = WeatherListView.swift; sourceTree = "<group>"; };
		D3E4B3DA2B24064F001B55FA /* WeatherViewDataModels.swift */ = {isa = PBXFileReference; fileEncoding = 4; lastKnownFileType = sourcecode.swift; path = WeatherViewDataModels.swift; sourceTree = "<group>"; };
		D3E4B3DB2B24064F001B55FA /* DetailAirConditionDataModel.swift */ = {isa = PBXFileReference; fileEncoding = 4; lastKnownFileType = sourcecode.swift; path = DetailAirConditionDataModel.swift; sourceTree = "<group>"; };
		D3E4B3E02B240678001B55FA /* WeatherViewModuleFactoryProtocol.swift */ = {isa = PBXFileReference; fileEncoding = 4; lastKnownFileType = sourcecode.swift; path = WeatherViewModuleFactoryProtocol.swift; sourceTree = "<group>"; };
		D3E4B3E82B240693001B55FA /* WeatherViewModuleFactory.swift */ = {isa = PBXFileReference; fileEncoding = 4; lastKnownFileType = sourcecode.swift; path = WeatherViewModuleFactory.swift; sourceTree = "<group>"; };
		D3E4B3EE2B2406D5001B55FA /* WeatherViewCoordinatorProtocol.swift */ = {isa = PBXFileReference; fileEncoding = 4; lastKnownFileType = sourcecode.swift; path = WeatherViewCoordinatorProtocol.swift; sourceTree = "<group>"; };
		D3E4B3EF2B2406D5001B55FA /* DetailAirConditionCoordinatorProtocol.swift */ = {isa = PBXFileReference; fileEncoding = 4; lastKnownFileType = sourcecode.swift; path = DetailAirConditionCoordinatorProtocol.swift; sourceTree = "<group>"; };
		D3E4B3F22B2406DE001B55FA /* WeatherViewCoordinator.swift */ = {isa = PBXFileReference; fileEncoding = 4; lastKnownFileType = sourcecode.swift; path = WeatherViewCoordinator.swift; sourceTree = "<group>"; };
		D3E4B3F32B2406DE001B55FA /* DetailAirConditionCoordinator.swift */ = {isa = PBXFileReference; fileEncoding = 4; lastKnownFileType = sourcecode.swift; path = DetailAirConditionCoordinator.swift; sourceTree = "<group>"; };
		D3E4B3F82B24071F001B55FA /* LocationManagerProtocol.swift */ = {isa = PBXFileReference; fileEncoding = 4; lastKnownFileType = sourcecode.swift; path = LocationManagerProtocol.swift; sourceTree = "<group>"; };
		D3E4B3FA2B24072C001B55FA /* LocationManager.swift */ = {isa = PBXFileReference; fileEncoding = 4; lastKnownFileType = sourcecode.swift; path = LocationManager.swift; sourceTree = "<group>"; };
		D3E4B3FC2B24076E001B55FA /* AirConditionViewModelProtocol.swift */ = {isa = PBXFileReference; fileEncoding = 4; lastKnownFileType = sourcecode.swift; path = AirConditionViewModelProtocol.swift; sourceTree = "<group>"; };
		D3E4B3FE2B240777001B55FA /* DayForecastViewModelProtocol.swift */ = {isa = PBXFileReference; fileEncoding = 4; lastKnownFileType = sourcecode.swift; path = DayForecastViewModelProtocol.swift; sourceTree = "<group>"; };
		D3E4B4002B240789001B55FA /* WeatherViewModelProtocol.swift */ = {isa = PBXFileReference; fileEncoding = 4; lastKnownFileType = sourcecode.swift; path = WeatherViewModelProtocol.swift; sourceTree = "<group>"; };
		D3E4B4012B240789001B55FA /* HeaderViewModelProtocol.swift */ = {isa = PBXFileReference; fileEncoding = 4; lastKnownFileType = sourcecode.swift; path = HeaderViewModelProtocol.swift; sourceTree = "<group>"; };
		D3E4B4022B240789001B55FA /* WeekForecastViewModelProtocol.swift */ = {isa = PBXFileReference; fileEncoding = 4; lastKnownFileType = sourcecode.swift; path = WeekForecastViewModelProtocol.swift; sourceTree = "<group>"; };
		D3E4B4032B240789001B55FA /* DetailAirConditionViewModelProtocol.swift */ = {isa = PBXFileReference; fileEncoding = 4; lastKnownFileType = sourcecode.swift; path = DetailAirConditionViewModelProtocol.swift; sourceTree = "<group>"; };
		D3E4B4082B2407AB001B55FA /* AirConditionViewModel.swift */ = {isa = PBXFileReference; fileEncoding = 4; lastKnownFileType = sourcecode.swift; path = AirConditionViewModel.swift; sourceTree = "<group>"; };
		D3E4B40A2B2407B4001B55FA /* DayForecastViewModel.swift */ = {isa = PBXFileReference; fileEncoding = 4; lastKnownFileType = sourcecode.swift; path = DayForecastViewModel.swift; sourceTree = "<group>"; };
		D3E4B40B2B2407B4001B55FA /* DetailAirConditionViewModel.swift */ = {isa = PBXFileReference; fileEncoding = 4; lastKnownFileType = sourcecode.swift; path = DetailAirConditionViewModel.swift; sourceTree = "<group>"; };
		D3E4B40C2B2407B4001B55FA /* HeaderViewModel.swift */ = {isa = PBXFileReference; fileEncoding = 4; lastKnownFileType = sourcecode.swift; path = HeaderViewModel.swift; sourceTree = "<group>"; };
		D3E4B4102B2407BC001B55FA /* WeatherViewModel.swift */ = {isa = PBXFileReference; fileEncoding = 4; lastKnownFileType = sourcecode.swift; path = WeatherViewModel.swift; sourceTree = "<group>"; };
		D3E4B4112B2407BC001B55FA /* WeekForecastViewModel.swift */ = {isa = PBXFileReference; fileEncoding = 4; lastKnownFileType = sourcecode.swift; path = WeekForecastViewModel.swift; sourceTree = "<group>"; };
		D3E4B4142B2407F8001B55FA /* AirConditionsItem.swift */ = {isa = PBXFileReference; fileEncoding = 4; lastKnownFileType = sourcecode.swift; path = AirConditionsItem.swift; sourceTree = "<group>"; };
		D3E4B4152B2407F8001B55FA /* DayForecastCell.swift */ = {isa = PBXFileReference; fileEncoding = 4; lastKnownFileType = sourcecode.swift; path = DayForecastCell.swift; sourceTree = "<group>"; };
		D3E4B4162B2407F8001B55FA /* WeekDayCell.swift */ = {isa = PBXFileReference; fileEncoding = 4; lastKnownFileType = sourcecode.swift; path = WeekDayCell.swift; sourceTree = "<group>"; };
		D3E4B4172B2407F8001B55FA /* AirConditionCell.swift */ = {isa = PBXFileReference; fileEncoding = 4; lastKnownFileType = sourcecode.swift; path = AirConditionCell.swift; sourceTree = "<group>"; };
		D3E4B41C2B240814001B55FA /* WeekForecastView.swift */ = {isa = PBXFileReference; fileEncoding = 4; lastKnownFileType = sourcecode.swift; path = WeekForecastView.swift; sourceTree = "<group>"; };
		D3E4B41D2B240814001B55FA /* DayForecastView.swift */ = {isa = PBXFileReference; fileEncoding = 4; lastKnownFileType = sourcecode.swift; path = DayForecastView.swift; sourceTree = "<group>"; };
		D3E4B41E2B240814001B55FA /* HeaderView.swift */ = {isa = PBXFileReference; fileEncoding = 4; lastKnownFileType = sourcecode.swift; path = HeaderView.swift; sourceTree = "<group>"; };
		D3E4B4222B24081A001B55FA /* AirConditionView.swift */ = {isa = PBXFileReference; fileEncoding = 4; lastKnownFileType = sourcecode.swift; path = AirConditionView.swift; sourceTree = "<group>"; };
		D3E4B4242B240836001B55FA /* WeatherViewController.swift */ = {isa = PBXFileReference; fileEncoding = 4; lastKnownFileType = sourcecode.swift; path = WeatherViewController.swift; sourceTree = "<group>"; };
		D3E4B4252B240836001B55FA /* DetailAirConditionView.swift */ = {isa = PBXFileReference; fileEncoding = 4; lastKnownFileType = sourcecode.swift; path = DetailAirConditionView.swift; sourceTree = "<group>"; };
		D3E4B42D2B240BCB001B55FA /* WeatherListCell.swift */ = {isa = PBXFileReference; fileEncoding = 4; lastKnownFileType = sourcecode.swift; path = WeatherListCell.swift; sourceTree = "<group>"; };
		D3E4B42F2B240BD9001B55FA /* SearchView.swift */ = {isa = PBXFileReference; fileEncoding = 4; lastKnownFileType = sourcecode.swift; path = SearchView.swift; sourceTree = "<group>"; };
		D3E4B4312B240BFB001B55FA /* SearchViewModel.swift */ = {isa = PBXFileReference; fileEncoding = 4; lastKnownFileType = sourcecode.swift; path = SearchViewModel.swift; sourceTree = "<group>"; };
		D3E4B4332B240BFC001B55FA /* WeatherListViewModel.swift */ = {isa = PBXFileReference; fileEncoding = 4; lastKnownFileType = sourcecode.swift; path = WeatherListViewModel.swift; sourceTree = "<group>"; };
		D3E4B4382B240C1C001B55FA /* WeatherListViewModelProtocol.swift */ = {isa = PBXFileReference; fileEncoding = 4; lastKnownFileType = sourcecode.swift; path = WeatherListViewModelProtocol.swift; sourceTree = "<group>"; };
		D3E4B4392B240C1C001B55FA /* SearchViewModelProtocol.swift */ = {isa = PBXFileReference; fileEncoding = 4; lastKnownFileType = sourcecode.swift; path = SearchViewModelProtocol.swift; sourceTree = "<group>"; };
		D3E4B43F2B240C53001B55FA /* StorageManagerProtocol.swift */ = {isa = PBXFileReference; fileEncoding = 4; lastKnownFileType = sourcecode.swift; path = StorageManagerProtocol.swift; sourceTree = "<group>"; };
		D3E4B4412B240C65001B55FA /* StorageManager.swift */ = {isa = PBXFileReference; fileEncoding = 4; lastKnownFileType = sourcecode.swift; path = StorageManager.swift; sourceTree = "<group>"; };
		D3E4B4442B240C7F001B55FA /* WeatherListOutput.swift */ = {isa = PBXFileReference; fileEncoding = 4; lastKnownFileType = sourcecode.swift; path = WeatherListOutput.swift; sourceTree = "<group>"; };
		D3E4B4452B240C7F001B55FA /* SearchViewOutput.swift */ = {isa = PBXFileReference; fileEncoding = 4; lastKnownFileType = sourcecode.swift; path = SearchViewOutput.swift; sourceTree = "<group>"; };
		D3E4B44A2B240CAB001B55FA /* WeatherListViewFactory.swift */ = {isa = PBXFileReference; fileEncoding = 4; lastKnownFileType = sourcecode.swift; path = WeatherListViewFactory.swift; sourceTree = "<group>"; };
		D3E4B44C2B240CB5001B55FA /* WeatherListViewFactoryProtocol.swift */ = {isa = PBXFileReference; fileEncoding = 4; lastKnownFileType = sourcecode.swift; path = WeatherListViewFactoryProtocol.swift; sourceTree = "<group>"; };
		D3E4B44F2B240CCE001B55FA /* WeatherListViewCoordinatorProtocol.swift */ = {isa = PBXFileReference; fileEncoding = 4; lastKnownFileType = sourcecode.swift; path = WeatherListViewCoordinatorProtocol.swift; sourceTree = "<group>"; };
		D3E4B4512B240CDB001B55FA /* WeatherListViewCoordinator.swift */ = {isa = PBXFileReference; fileEncoding = 4; lastKnownFileType = sourcecode.swift; path = WeatherListViewCoordinator.swift; sourceTree = "<group>"; };
/* End PBXFileReference section */

/* Begin PBXFrameworksBuildPhase section */
		D3E4B3722B240161001B55FA /* Frameworks */ = {
			isa = PBXFrameworksBuildPhase;
			buildActionMask = 2147483647;
			files = (
			);
			runOnlyForDeploymentPostprocessing = 0;
		};
/* End PBXFrameworksBuildPhase section */

/* Begin PBXGroup section */
		D3E4B36C2B240161001B55FA = {
			isa = PBXGroup;
			children = (
				D3E4B3772B240161001B55FA /* Weather */,
				D3E4B3762B240161001B55FA /* Products */,
			);
			sourceTree = "<group>";
		};
		D3E4B3762B240161001B55FA /* Products */ = {
			isa = PBXGroup;
			children = (
				D3E4B3752B240161001B55FA /* Weather.app */,
			);
			name = Products;
			sourceTree = "<group>";
		};
		D3E4B3772B240161001B55FA /* Weather */ = {
			isa = PBXGroup;
			children = (
				D3E4B3BE2B240471001B55FA /* Modules */,
				D3E4B38C2B2401F0001B55FA /* Core */,
				D3E4B3862B240163001B55FA /* Info.plist */,
			);
			path = Weather;
			sourceTree = "<group>";
		};
		D3E4B38C2B2401F0001B55FA /* Core */ = {
			isa = PBXGroup;
			children = (
				D3E4B3922B240374001B55FA /* Models */,
				D3E4B38F2B240237001B55FA /* Resources */,
				D3E4B37A2B240161001B55FA /* SceneDelegate.swift */,
				D3E4B3782B240161001B55FA /* AppDelegate.swift */,
			);
			path = Core;
			sourceTree = "<group>";
		};
		D3E4B38F2B240237001B55FA /* Resources */ = {
			isa = PBXGroup;
			children = (
				D3E4B3902B24028A001B55FA /* Resources.swift */,
				D3E4B3812B240163001B55FA /* Assets.xcassets */,
				D3E4B3832B240163001B55FA /* LaunchScreen.storyboard */,
			);
			name = Resources;
			path = Resources/Resources;
			sourceTree = "<group>";
		};
		D3E4B3922B240374001B55FA /* Models */ = {
			isa = PBXGroup;
			children = (
				D3E4B3B32B2403C8001B55FA /* Managers */,
				D3E4B3932B240383001B55FA /* DataModels */,
			);
			path = Models;
			sourceTree = "<group>";
		};
		D3E4B3932B240383001B55FA /* DataModels */ = {
			isa = PBXGroup;
			children = (
				D3E4B3942B240388001B55FA /* Protocols */,
				D3E4B3A92B2403A2001B55FA /* Condition.swift */,
				D3E4B3A82B2403A2001B55FA /* CurrentWeather.swift */,
				D3E4B3A72B2403A2001B55FA /* DailyForecast.swift */,
				D3E4B3A52B2403A2001B55FA /* DayWeather.swift */,
				D3E4B3AB2B2403A2001B55FA /* Forecast.swift */,
				D3E4B3AA2B2403A2001B55FA /* Region.swift */,
				D3E4B3A62B2403A2001B55FA /* WeatherResponse.swift */,
				D379B0D12B2689A600E8E3DD /* NetworkError.swift */,
			);
			path = DataModels;
			sourceTree = "<group>";
		};
		D3E4B3942B240388001B55FA /* Protocols */ = {
			isa = PBXGroup;
			children = (
				D3E4B3982B240395001B55FA /* ConditionProtocol.swift */,
				D3E4B39B2B240395001B55FA /* CoordinatorProtocol.swift */,
				D3E4B39A2B240395001B55FA /* CurrentWeatherProtocol.swift */,
				D3E4B3972B240395001B55FA /* DailyForecastProtocol.swift */,
				D3E4B3992B240395001B55FA /* DayWeatherProtocol.swift */,
				D3E4B3952B240394001B55FA /* ForecastProtocol.swift */,
				D3E4B39C2B240395001B55FA /* RegionProtocol.swift */,
				D3E4B3962B240395001B55FA /* WeatherResponseProtocol.swift */,
				D36208592B25388F00C187DC /* RoutableCoordinatorProtocol.swift */,
			);
			path = Protocols;
			sourceTree = "<group>";
		};
		D3E4B3B32B2403C8001B55FA /* Managers */ = {
			isa = PBXGroup;
			children = (
				D3E4B3B42B2403CE001B55FA /* Protocols */,
				D3E4B3B72B2403E7001B55FA /* NetworkManager.swift */,
			);
			path = Managers;
			sourceTree = "<group>";
		};
		D3E4B3B42B2403CE001B55FA /* Protocols */ = {
			isa = PBXGroup;
			children = (
				D3E4B3B52B2403E1001B55FA /* NetworkManagerProtocol.swift */,
			);
			path = Protocols;
			sourceTree = "<group>";
		};
		D3E4B3B92B240445001B55FA /* MainView */ = {
			isa = PBXGroup;
			children = (
				D3E4B3BA2B24044B001B55FA /* Views */,
				D3E4B3BC2B24045C001B55FA /* ViewModels */,
				D3E4B3BF2B240480001B55FA /* Models */,
			);
			path = MainView;
			sourceTree = "<group>";
		};
		D3E4B3BA2B24044B001B55FA /* Views */ = {
			isa = PBXGroup;
			children = (
				D3E4B3C12B24049F001B55FA /* MainViewController.swift */,
			);
			path = Views;
			sourceTree = "<group>";
		};
		D3E4B3BC2B24045C001B55FA /* ViewModels */ = {
			isa = PBXGroup;
			children = (
				D3E4B3BD2B240467001B55FA /* Protocols */,
				D3E4B3C52B2404BB001B55FA /* MainViewModel.swift */,
			);
			path = ViewModels;
			sourceTree = "<group>";
		};
		D3E4B3BD2B240467001B55FA /* Protocols */ = {
			isa = PBXGroup;
			children = (
				D3E4B3C32B2404B3001B55FA /* MainViewModelProtocol.swift */,
			);
			path = Protocols;
			sourceTree = "<group>";
		};
		D3E4B3BE2B240471001B55FA /* Modules */ = {
			isa = PBXGroup;
			children = (
				D3E4B3B92B240445001B55FA /* MainView */,
				D3E4B3D12B2405B3001B55FA /* WeatherView */,
				D3E4B4282B240B62001B55FA /* WeatherListView */,
			);
			path = Modules;
			sourceTree = "<group>";
		};
		D3E4B3BF2B240480001B55FA /* Models */ = {
			isa = PBXGroup;
			children = (
				D3E4B3C02B240485001B55FA /* Protocols */,
				D3E4B3CB2B2404DE001B55FA /* MainViewCoordinator.swift */,
				D3E4B3CC2B2404DE001B55FA /* MainViewFactory.swift */,
			);
			path = Models;
			sourceTree = "<group>";
		};
		D3E4B3C02B240485001B55FA /* Protocols */ = {
			isa = PBXGroup;
			children = (
				D3E4B3C82B2404D2001B55FA /* MainViewCoordinatorProtocol.swift */,
				D3E4B3C72B2404D2001B55FA /* MainViewFactoryProtocol.swift */,
			);
			path = Protocols;
			sourceTree = "<group>";
		};
		D3E4B3D12B2405B3001B55FA /* WeatherView */ = {
			isa = PBXGroup;
			children = (
				D3E4B3D22B2405BF001B55FA /* Views */,
				D3E4B3D32B2405C6001B55FA /* ViewModels */,
				D3E4B3D72B2405E7001B55FA /* Models */,
			);
			path = WeatherView;
			sourceTree = "<group>";
		};
		D3E4B3D22B2405BF001B55FA /* Views */ = {
			isa = PBXGroup;
			children = (
				D3E4B3D52B2405D4001B55FA /* UIComponents */,
				D3E4B4242B240836001B55FA /* WeatherViewController.swift */,
				D3E4B4252B240836001B55FA /* DetailAirConditionView.swift */,
			);
			path = Views;
			sourceTree = "<group>";
		};
		D3E4B3D32B2405C6001B55FA /* ViewModels */ = {
			isa = PBXGroup;
			children = (
				D3E4B3D42B2405CC001B55FA /* Protocols */,
				D3E4B4102B2407BC001B55FA /* WeatherViewModel.swift */,
				D3E4B40C2B2407B4001B55FA /* HeaderViewModel.swift */,
				D3E4B40A2B2407B4001B55FA /* DayForecastViewModel.swift */,
				D3E4B4112B2407BC001B55FA /* WeekForecastViewModel.swift */,
				D3E4B4082B2407AB001B55FA /* AirConditionViewModel.swift */,
				D3E4B40B2B2407B4001B55FA /* DetailAirConditionViewModel.swift */,
			);
			path = ViewModels;
			sourceTree = "<group>";
		};
		D3E4B3D42B2405CC001B55FA /* Protocols */ = {
			isa = PBXGroup;
			children = (
				D3E4B4002B240789001B55FA /* WeatherViewModelProtocol.swift */,
				D3E4B4012B240789001B55FA /* HeaderViewModelProtocol.swift */,
				D3E4B3FE2B240777001B55FA /* DayForecastViewModelProtocol.swift */,
				D3E4B4022B240789001B55FA /* WeekForecastViewModelProtocol.swift */,
				D3E4B3FC2B24076E001B55FA /* AirConditionViewModelProtocol.swift */,
				D3E4B4032B240789001B55FA /* DetailAirConditionViewModelProtocol.swift */,
			);
			path = Protocols;
			sourceTree = "<group>";
		};
		D3E4B3D52B2405D4001B55FA /* UIComponents */ = {
			isa = PBXGroup;
			children = (
				D3E4B3D62B2405DA001B55FA /* Cells */,
				D3E4B41E2B240814001B55FA /* HeaderView.swift */,
				D3E4B41D2B240814001B55FA /* DayForecastView.swift */,
				D3E4B41C2B240814001B55FA /* WeekForecastView.swift */,
				D3E4B4222B24081A001B55FA /* AirConditionView.swift */,
			);
			path = UIComponents;
			sourceTree = "<group>";
		};
		D3E4B3D62B2405DA001B55FA /* Cells */ = {
			isa = PBXGroup;
			children = (
				D3E4B4152B2407F8001B55FA /* DayForecastCell.swift */,
				D3E4B4162B2407F8001B55FA /* WeekDayCell.swift */,
				D3E4B4142B2407F8001B55FA /* AirConditionsItem.swift */,
				D3E4B4172B2407F8001B55FA /* AirConditionCell.swift */,
			);
			path = Cells;
			sourceTree = "<group>";
		};
		D3E4B3D72B2405E7001B55FA /* Models */ = {
			isa = PBXGroup;
			children = (
				D3E4B3D82B240635001B55FA /* DataModels */,
				D3E4B3F62B2406E7001B55FA /* Managers */,
				D3E4B3DE2B24065C001B55FA /* Factories */,
				D3E4B3EC2B24069D001B55FA /* Coordinators */,
			);
			path = Models;
			sourceTree = "<group>";
		};
		D3E4B3D82B240635001B55FA /* DataModels */ = {
			isa = PBXGroup;
			children = (
				D3E4B3DB2B24064F001B55FA /* DetailAirConditionDataModel.swift */,
				D3E4B3DA2B24064F001B55FA /* WeatherViewDataModels.swift */,
			);
			path = DataModels;
			sourceTree = "<group>";
		};
		D3E4B3DE2B24065C001B55FA /* Factories */ = {
			isa = PBXGroup;
			children = (
				D3E4B3DF2B240669001B55FA /* Protocols */,
				D3E4B3E82B240693001B55FA /* WeatherViewModuleFactory.swift */,
			);
			path = Factories;
			sourceTree = "<group>";
		};
		D3E4B3DF2B240669001B55FA /* Protocols */ = {
			isa = PBXGroup;
			children = (
				D3E4B3E02B240678001B55FA /* WeatherViewModuleFactoryProtocol.swift */,
			);
			path = Protocols;
			sourceTree = "<group>";
		};
		D3E4B3EC2B24069D001B55FA /* Coordinators */ = {
			isa = PBXGroup;
			children = (
				D3E4B3ED2B2406B2001B55FA /* Protocols */,
				D3E4B3F32B2406DE001B55FA /* DetailAirConditionCoordinator.swift */,
				D3E4B3F22B2406DE001B55FA /* WeatherViewCoordinator.swift */,
			);
			path = Coordinators;
			sourceTree = "<group>";
		};
		D3E4B3ED2B2406B2001B55FA /* Protocols */ = {
			isa = PBXGroup;
			children = (
				D3E4B3EF2B2406D5001B55FA /* DetailAirConditionCoordinatorProtocol.swift */,
				D3E4B3EE2B2406D5001B55FA /* WeatherViewCoordinatorProtocol.swift */,
			);
			path = Protocols;
			sourceTree = "<group>";
		};
		D3E4B3F62B2406E7001B55FA /* Managers */ = {
			isa = PBXGroup;
			children = (
				D3E4B3F72B2406ED001B55FA /* Protocols */,
				D3E4B3FA2B24072C001B55FA /* LocationManager.swift */,
			);
			path = Managers;
			sourceTree = "<group>";
		};
		D3E4B3F72B2406ED001B55FA /* Protocols */ = {
			isa = PBXGroup;
			children = (
				D3E4B3F82B24071F001B55FA /* LocationManagerProtocol.swift */,
			);
			path = Protocols;
			sourceTree = "<group>";
		};
		D3E4B4282B240B62001B55FA /* WeatherListView */ = {
			isa = PBXGroup;
			children = (
				D3E4B4292B240B7A001B55FA /* Views */,
				D3E4B42A2B240B7F001B55FA /* ViewModels */,
				D3E4B42B2B240B8A001B55FA /* Models */,
			);
			path = WeatherListView;
			sourceTree = "<group>";
		};
		D3E4B4292B240B7A001B55FA /* Views */ = {
			isa = PBXGroup;
			children = (
				D3E4B42C2B240BC0001B55FA /* UIComponents */,
				D3E4B3CF2B2404EF001B55FA /* WeatherListView.swift */,
				D3E4B42F2B240BD9001B55FA /* SearchView.swift */,
			);
			path = Views;
			sourceTree = "<group>";
		};
		D3E4B42A2B240B7F001B55FA /* ViewModels */ = {
			isa = PBXGroup;
			children = (
				D3E4B4372B240BFF001B55FA /* Protocols */,
				D3E4B4312B240BFB001B55FA /* SearchViewModel.swift */,
				D3E4B4332B240BFC001B55FA /* WeatherListViewModel.swift */,
			);
			path = ViewModels;
			sourceTree = "<group>";
		};
		D3E4B42B2B240B8A001B55FA /* Models */ = {
			isa = PBXGroup;
			children = (
				D3E4B4432B240C6E001B55FA /* DataModels */,
				D3E4B43D2B240C3F001B55FA /* Managers */,
				D3E4B4482B240C8C001B55FA /* Factories */,
				D3E4B44E2B240CBB001B55FA /* Coordinators */,
			);
			path = Models;
			sourceTree = "<group>";
		};
		D3E4B42C2B240BC0001B55FA /* UIComponents */ = {
			isa = PBXGroup;
			children = (
				D3E4B42D2B240BCB001B55FA /* WeatherListCell.swift */,
			);
			path = UIComponents;
			sourceTree = "<group>";
		};
		D3E4B4372B240BFF001B55FA /* Protocols */ = {
			isa = PBXGroup;
			children = (
				D3E4B4392B240C1C001B55FA /* SearchViewModelProtocol.swift */,
				D3E4B4382B240C1C001B55FA /* WeatherListViewModelProtocol.swift */,
			);
			path = Protocols;
			sourceTree = "<group>";
		};
		D3E4B43C2B240C30001B55FA /* Protocols */ = {
			isa = PBXGroup;
			children = (
				D3E4B44F2B240CCE001B55FA /* WeatherListViewCoordinatorProtocol.swift */,
			);
			path = Protocols;
			sourceTree = "<group>";
		};
		D3E4B43D2B240C3F001B55FA /* Managers */ = {
			isa = PBXGroup;
			children = (
				D3E4B43E2B240C46001B55FA /* Protocols */,
				D3E4B4412B240C65001B55FA /* StorageManager.swift */,
			);
			path = Managers;
			sourceTree = "<group>";
		};
		D3E4B43E2B240C46001B55FA /* Protocols */ = {
			isa = PBXGroup;
			children = (
				D3E4B43F2B240C53001B55FA /* StorageManagerProtocol.swift */,
			);
			path = Protocols;
			sourceTree = "<group>";
		};
		D3E4B4432B240C6E001B55FA /* DataModels */ = {
			isa = PBXGroup;
			children = (
				D385D3E42B248E1400BF983D /* Weather.xcdatamodeld */,
				D3E4B4452B240C7F001B55FA /* SearchViewOutput.swift */,
				D3E4B4442B240C7F001B55FA /* WeatherListOutput.swift */,
			);
			path = DataModels;
			sourceTree = "<group>";
		};
		D3E4B4482B240C8C001B55FA /* Factories */ = {
			isa = PBXGroup;
			children = (
				D3E4B4492B240C93001B55FA /* Protocols */,
				D3E4B44A2B240CAB001B55FA /* WeatherListViewFactory.swift */,
			);
			path = Factories;
			sourceTree = "<group>";
		};
		D3E4B4492B240C93001B55FA /* Protocols */ = {
			isa = PBXGroup;
			children = (
				D3E4B44C2B240CB5001B55FA /* WeatherListViewFactoryProtocol.swift */,
			);
			path = Protocols;
			sourceTree = "<group>";
		};
		D3E4B44E2B240CBB001B55FA /* Coordinators */ = {
			isa = PBXGroup;
			children = (
				D3E4B43C2B240C30001B55FA /* Protocols */,
				D3E4B4512B240CDB001B55FA /* WeatherListViewCoordinator.swift */,
			);
			path = Coordinators;
			sourceTree = "<group>";
		};
/* End PBXGroup section */

/* Begin PBXNativeTarget section */
		D3E4B3742B240161001B55FA /* Weather */ = {
			isa = PBXNativeTarget;
			buildConfigurationList = D3E4B3892B240163001B55FA /* Build configuration list for PBXNativeTarget "Weather" */;
			buildPhases = (
				D3E4B3712B240161001B55FA /* Sources */,
				D3E4B3722B240161001B55FA /* Frameworks */,
				D3E4B3732B240161001B55FA /* Resources */,
			);
			buildRules = (
			);
			dependencies = (
			);
			name = Weather;
			productName = Weather;
			productReference = D3E4B3752B240161001B55FA /* Weather.app */;
			productType = "com.apple.product-type.application";
		};
/* End PBXNativeTarget section */

/* Begin PBXProject section */
		D3E4B36D2B240161001B55FA /* Project object */ = {
			isa = PBXProject;
			attributes = {
				BuildIndependentTargetsInParallel = 1;
				LastSwiftUpdateCheck = 1500;
				LastUpgradeCheck = 1500;
				TargetAttributes = {
					D3E4B3742B240161001B55FA = {
						CreatedOnToolsVersion = 15.0.1;
					};
				};
			};
			buildConfigurationList = D3E4B3702B240161001B55FA /* Build configuration list for PBXProject "Weather" */;
			compatibilityVersion = "Xcode 14.0";
			developmentRegion = en;
			hasScannedForEncodings = 0;
			knownRegions = (
				en,
				Base,
			);
			mainGroup = D3E4B36C2B240161001B55FA;
			productRefGroup = D3E4B3762B240161001B55FA /* Products */;
			projectDirPath = "";
			projectRoot = "";
			targets = (
				D3E4B3742B240161001B55FA /* Weather */,
			);
		};
/* End PBXProject section */

/* Begin PBXResourcesBuildPhase section */
		D3E4B3732B240161001B55FA /* Resources */ = {
			isa = PBXResourcesBuildPhase;
			buildActionMask = 2147483647;
			files = (
				D3E4B3852B240163001B55FA /* LaunchScreen.storyboard in Resources */,
				D3E4B3822B240163001B55FA /* Assets.xcassets in Resources */,
			);
			runOnlyForDeploymentPostprocessing = 0;
		};
/* End PBXResourcesBuildPhase section */

/* Begin PBXSourcesBuildPhase section */
		D3E4B3712B240161001B55FA /* Sources */ = {
			isa = PBXSourcesBuildPhase;
			buildActionMask = 2147483647;
			files = (
				D3E4B3C22B24049F001B55FA /* MainViewController.swift in Sources */,
				D3E4B3AE2B2403A2001B55FA /* DailyForecast.swift in Sources */,
				D3E4B3D02B2404EF001B55FA /* WeatherListView.swift in Sources */,
				D3E4B43B2B240C1C001B55FA /* SearchViewModelProtocol.swift in Sources */,
				D3E4B3B12B2403A2001B55FA /* Region.swift in Sources */,
				D3E4B3B02B2403A2001B55FA /* Condition.swift in Sources */,
				D3E4B3CE2B2404DE001B55FA /* MainViewFactory.swift in Sources */,
				D3E4B4042B240789001B55FA /* WeatherViewModelProtocol.swift in Sources */,
				D3E4B4342B240BFC001B55FA /* SearchViewModel.swift in Sources */,
				D3E4B3EB2B240693001B55FA /* WeatherViewModuleFactory.swift in Sources */,
				D3E4B3CD2B2404DE001B55FA /* MainViewCoordinator.swift in Sources */,
				D385D3E62B248E1400BF983D /* Weather.xcdatamodeld in Sources */,
				D3E4B3AF2B2403A2001B55FA /* CurrentWeather.swift in Sources */,
				D3E4B4302B240BD9001B55FA /* SearchView.swift in Sources */,
				D3E4B3B22B2403A2001B55FA /* Forecast.swift in Sources */,
				D3E4B41A2B2407F8001B55FA /* WeekDayCell.swift in Sources */,
				D3E4B3DC2B24064F001B55FA /* WeatherViewDataModels.swift in Sources */,
				D3E4B4402B240C53001B55FA /* StorageManagerProtocol.swift in Sources */,
				D3E4B3A22B240395001B55FA /* CurrentWeatherProtocol.swift in Sources */,
				D3E4B4192B2407F8001B55FA /* DayForecastCell.swift in Sources */,
				D3E4B3AC2B2403A2001B55FA /* DayWeather.swift in Sources */,
				D3E4B3912B24028A001B55FA /* Resources.swift in Sources */,
				D3E4B3A32B240395001B55FA /* CoordinatorProtocol.swift in Sources */,
				D3E4B3F42B2406DE001B55FA /* WeatherViewCoordinator.swift in Sources */,
				D3E4B3F52B2406DE001B55FA /* DetailAirConditionCoordinator.swift in Sources */,
				D3E4B4422B240C65001B55FA /* StorageManager.swift in Sources */,
				D3E4B3F02B2406D5001B55FA /* WeatherViewCoordinatorProtocol.swift in Sources */,
				D3E4B3CA2B2404D2001B55FA /* MainViewCoordinatorProtocol.swift in Sources */,
				D3E4B4232B24081A001B55FA /* AirConditionView.swift in Sources */,
				D3E4B3FD2B24076E001B55FA /* AirConditionViewModelProtocol.swift in Sources */,
				D3E4B3C92B2404D2001B55FA /* MainViewFactoryProtocol.swift in Sources */,
				D3E4B3792B240161001B55FA /* AppDelegate.swift in Sources */,
				D3E4B4072B240789001B55FA /* DetailAirConditionViewModelProtocol.swift in Sources */,
				D3E4B3AD2B2403A2001B55FA /* WeatherResponse.swift in Sources */,
				D3E4B41F2B240814001B55FA /* WeekForecastView.swift in Sources */,
				D3E4B3A42B240395001B55FA /* RegionProtocol.swift in Sources */,
				D3E4B3B82B2403E7001B55FA /* NetworkManager.swift in Sources */,
				D3E4B3E12B240678001B55FA /* WeatherViewModuleFactoryProtocol.swift in Sources */,
				D3E4B4202B240814001B55FA /* DayForecastView.swift in Sources */,
				D3E4B39E2B240395001B55FA /* WeatherResponseProtocol.swift in Sources */,
				D3E4B4212B240814001B55FA /* HeaderView.swift in Sources */,
				D3E4B4182B2407F8001B55FA /* AirConditionsItem.swift in Sources */,
				D3E4B4122B2407BC001B55FA /* WeatherViewModel.swift in Sources */,
				D3E4B3F12B2406D5001B55FA /* DetailAirConditionCoordinatorProtocol.swift in Sources */,
				D3E4B4272B240836001B55FA /* DetailAirConditionView.swift in Sources */,
				D3E4B3A12B240395001B55FA /* DayWeatherProtocol.swift in Sources */,
				D362085A2B25388F00C187DC /* RoutableCoordinatorProtocol.swift in Sources */,
				D3E4B3A02B240395001B55FA /* ConditionProtocol.swift in Sources */,
				D3E4B4052B240789001B55FA /* HeaderViewModelProtocol.swift in Sources */,
				D3E4B42E2B240BCB001B55FA /* WeatherListCell.swift in Sources */,
				D3E4B44D2B240CB5001B55FA /* WeatherListViewFactoryProtocol.swift in Sources */,
				D3E4B3FF2B240777001B55FA /* DayForecastViewModelProtocol.swift in Sources */,
				D3E4B4462B240C7F001B55FA /* WeatherListOutput.swift in Sources */,
				D3E4B44B2B240CAC001B55FA /* WeatherListViewFactory.swift in Sources */,
				D3E4B3F92B24071F001B55FA /* LocationManagerProtocol.swift in Sources */,
				D3E4B4362B240BFC001B55FA /* WeatherListViewModel.swift in Sources */,
				D3E4B4262B240836001B55FA /* WeatherViewController.swift in Sources */,
				D3E4B3C42B2404B3001B55FA /* MainViewModelProtocol.swift in Sources */,
				D3E4B3B62B2403E1001B55FA /* NetworkManagerProtocol.swift in Sources */,
				D3E4B39D2B240395001B55FA /* ForecastProtocol.swift in Sources */,
				D3E4B4502B240CCE001B55FA /* WeatherListViewCoordinatorProtocol.swift in Sources */,
				D3E4B4062B240789001B55FA /* WeekForecastViewModelProtocol.swift in Sources */,
				D3E4B4522B240CDB001B55FA /* WeatherListViewCoordinator.swift in Sources */,
				D3E4B43A2B240C1C001B55FA /* WeatherListViewModelProtocol.swift in Sources */,
				D379B0D22B2689A600E8E3DD /* NetworkError.swift in Sources */,
				D3E4B39F2B240395001B55FA /* DailyForecastProtocol.swift in Sources */,
				D3E4B3FB2B24072C001B55FA /* LocationManager.swift in Sources */,
				D3E4B3DD2B24064F001B55FA /* DetailAirConditionDataModel.swift in Sources */,
				D3E4B40D2B2407B4001B55FA /* DayForecastViewModel.swift in Sources */,
				D3E4B3C62B2404BB001B55FA /* MainViewModel.swift in Sources */,
				D3E4B4132B2407BC001B55FA /* WeekForecastViewModel.swift in Sources */,
				D3E4B40E2B2407B4001B55FA /* DetailAirConditionViewModel.swift in Sources */,
				D3E4B41B2B2407F8001B55FA /* AirConditionCell.swift in Sources */,
				D3E4B40F2B2407B4001B55FA /* HeaderViewModel.swift in Sources */,
				D3E4B4092B2407AB001B55FA /* AirConditionViewModel.swift in Sources */,
				D3E4B37B2B240161001B55FA /* SceneDelegate.swift in Sources */,
				D3E4B4472B240C7F001B55FA /* SearchViewOutput.swift in Sources */,
			);
			runOnlyForDeploymentPostprocessing = 0;
		};
/* End PBXSourcesBuildPhase section */

/* Begin PBXVariantGroup section */
		D3E4B3832B240163001B55FA /* LaunchScreen.storyboard */ = {
			isa = PBXVariantGroup;
			children = (
				D3E4B3842B240163001B55FA /* Base */,
			);
			name = LaunchScreen.storyboard;
			sourceTree = "<group>";
		};
/* End PBXVariantGroup section */

/* Begin XCBuildConfiguration section */
		D3E4B3872B240163001B55FA /* Debug */ = {
			isa = XCBuildConfiguration;
			buildSettings = {
				ALWAYS_SEARCH_USER_PATHS = NO;
				ASSETCATALOG_COMPILER_GENERATE_SWIFT_ASSET_SYMBOL_EXTENSIONS = YES;
				CLANG_ANALYZER_NONNULL = YES;
				CLANG_ANALYZER_NUMBER_OBJECT_CONVERSION = YES_AGGRESSIVE;
				CLANG_CXX_LANGUAGE_STANDARD = "gnu++20";
				CLANG_ENABLE_MODULES = YES;
				CLANG_ENABLE_OBJC_ARC = YES;
				CLANG_ENABLE_OBJC_WEAK = YES;
				CLANG_WARN_BLOCK_CAPTURE_AUTORELEASING = YES;
				CLANG_WARN_BOOL_CONVERSION = YES;
				CLANG_WARN_COMMA = YES;
				CLANG_WARN_CONSTANT_CONVERSION = YES;
				CLANG_WARN_DEPRECATED_OBJC_IMPLEMENTATIONS = YES;
				CLANG_WARN_DIRECT_OBJC_ISA_USAGE = YES_ERROR;
				CLANG_WARN_DOCUMENTATION_COMMENTS = YES;
				CLANG_WARN_EMPTY_BODY = YES;
				CLANG_WARN_ENUM_CONVERSION = YES;
				CLANG_WARN_INFINITE_RECURSION = YES;
				CLANG_WARN_INT_CONVERSION = YES;
				CLANG_WARN_NON_LITERAL_NULL_CONVERSION = YES;
				CLANG_WARN_OBJC_IMPLICIT_RETAIN_SELF = YES;
				CLANG_WARN_OBJC_LITERAL_CONVERSION = YES;
				CLANG_WARN_OBJC_ROOT_CLASS = YES_ERROR;
				CLANG_WARN_QUOTED_INCLUDE_IN_FRAMEWORK_HEADER = YES;
				CLANG_WARN_RANGE_LOOP_ANALYSIS = YES;
				CLANG_WARN_STRICT_PROTOTYPES = YES;
				CLANG_WARN_SUSPICIOUS_MOVE = YES;
				CLANG_WARN_UNGUARDED_AVAILABILITY = YES_AGGRESSIVE;
				CLANG_WARN_UNREACHABLE_CODE = YES;
				CLANG_WARN__DUPLICATE_METHOD_MATCH = YES;
				COPY_PHASE_STRIP = NO;
				DEBUG_INFORMATION_FORMAT = dwarf;
				ENABLE_STRICT_OBJC_MSGSEND = YES;
				ENABLE_TESTABILITY = YES;
				ENABLE_USER_SCRIPT_SANDBOXING = YES;
				GCC_C_LANGUAGE_STANDARD = gnu17;
				GCC_DYNAMIC_NO_PIC = NO;
				GCC_NO_COMMON_BLOCKS = YES;
				GCC_OPTIMIZATION_LEVEL = 0;
				GCC_PREPROCESSOR_DEFINITIONS = (
					"DEBUG=1",
					"$(inherited)",
				);
				GCC_WARN_64_TO_32_BIT_CONVERSION = YES;
				GCC_WARN_ABOUT_RETURN_TYPE = YES_ERROR;
				GCC_WARN_UNDECLARED_SELECTOR = YES;
				GCC_WARN_UNINITIALIZED_AUTOS = YES_AGGRESSIVE;
				GCC_WARN_UNUSED_FUNCTION = YES;
				GCC_WARN_UNUSED_VARIABLE = YES;
				IPHONEOS_DEPLOYMENT_TARGET = 15.0;
				LOCALIZATION_PREFERS_STRING_CATALOGS = YES;
				MTL_ENABLE_DEBUG_INFO = NO;
				MTL_FAST_MATH = YES;
				ONLY_ACTIVE_ARCH = YES;
				SDKROOT = iphoneos;
				SWIFT_ACTIVE_COMPILATION_CONDITIONS = "DEBUG $(inherited)";
				SWIFT_OPTIMIZATION_LEVEL = "-Onone";
			};
			name = Debug;
		};
		D3E4B3882B240163001B55FA /* Release */ = {
			isa = XCBuildConfiguration;
			buildSettings = {
				ALWAYS_SEARCH_USER_PATHS = NO;
				ASSETCATALOG_COMPILER_GENERATE_SWIFT_ASSET_SYMBOL_EXTENSIONS = YES;
				CLANG_ANALYZER_NONNULL = YES;
				CLANG_ANALYZER_NUMBER_OBJECT_CONVERSION = YES_AGGRESSIVE;
				CLANG_CXX_LANGUAGE_STANDARD = "gnu++20";
				CLANG_ENABLE_MODULES = YES;
				CLANG_ENABLE_OBJC_ARC = YES;
				CLANG_ENABLE_OBJC_WEAK = YES;
				CLANG_WARN_BLOCK_CAPTURE_AUTORELEASING = YES;
				CLANG_WARN_BOOL_CONVERSION = YES;
				CLANG_WARN_COMMA = YES;
				CLANG_WARN_CONSTANT_CONVERSION = YES;
				CLANG_WARN_DEPRECATED_OBJC_IMPLEMENTATIONS = YES;
				CLANG_WARN_DIRECT_OBJC_ISA_USAGE = YES_ERROR;
				CLANG_WARN_DOCUMENTATION_COMMENTS = YES;
				CLANG_WARN_EMPTY_BODY = YES;
				CLANG_WARN_ENUM_CONVERSION = YES;
				CLANG_WARN_INFINITE_RECURSION = YES;
				CLANG_WARN_INT_CONVERSION = YES;
				CLANG_WARN_NON_LITERAL_NULL_CONVERSION = YES;
				CLANG_WARN_OBJC_IMPLICIT_RETAIN_SELF = YES;
				CLANG_WARN_OBJC_LITERAL_CONVERSION = YES;
				CLANG_WARN_OBJC_ROOT_CLASS = YES_ERROR;
				CLANG_WARN_QUOTED_INCLUDE_IN_FRAMEWORK_HEADER = YES;
				CLANG_WARN_RANGE_LOOP_ANALYSIS = YES;
				CLANG_WARN_STRICT_PROTOTYPES = YES;
				CLANG_WARN_SUSPICIOUS_MOVE = YES;
				CLANG_WARN_UNGUARDED_AVAILABILITY = YES_AGGRESSIVE;
				CLANG_WARN_UNREACHABLE_CODE = YES;
				CLANG_WARN__DUPLICATE_METHOD_MATCH = YES;
				COPY_PHASE_STRIP = NO;
				DEBUG_INFORMATION_FORMAT = "dwarf-with-dsym";
				ENABLE_NS_ASSERTIONS = NO;
				ENABLE_STRICT_OBJC_MSGSEND = YES;
				ENABLE_USER_SCRIPT_SANDBOXING = YES;
				GCC_C_LANGUAGE_STANDARD = gnu17;
				GCC_NO_COMMON_BLOCKS = YES;
				GCC_WARN_64_TO_32_BIT_CONVERSION = YES;
				GCC_WARN_ABOUT_RETURN_TYPE = YES_ERROR;
				GCC_WARN_UNDECLARED_SELECTOR = YES;
				GCC_WARN_UNINITIALIZED_AUTOS = YES_AGGRESSIVE;
				GCC_WARN_UNUSED_FUNCTION = YES;
				GCC_WARN_UNUSED_VARIABLE = YES;
				IPHONEOS_DEPLOYMENT_TARGET = 15.0;
				LOCALIZATION_PREFERS_STRING_CATALOGS = YES;
				MTL_ENABLE_DEBUG_INFO = NO;
				MTL_FAST_MATH = YES;
				SDKROOT = iphoneos;
				SWIFT_COMPILATION_MODE = wholemodule;
				VALIDATE_PRODUCT = YES;
			};
			name = Release;
		};
		D3E4B38A2B240163001B55FA /* Debug */ = {
			isa = XCBuildConfiguration;
			buildSettings = {
				ASSETCATALOG_COMPILER_APPICON_NAME = AppIcon;
				ASSETCATALOG_COMPILER_GLOBAL_ACCENT_COLOR_NAME = AccentColor;
				CODE_SIGN_STYLE = Automatic;
				CURRENT_PROJECT_VERSION = 1;
				DEVELOPMENT_TEAM = V9P9K4WJ2E;
				GENERATE_INFOPLIST_FILE = YES;
				INFOPLIST_FILE = Weather/Info.plist;
				INFOPLIST_KEY_CFBundleDisplayName = Weather;
				INFOPLIST_KEY_LSApplicationCategoryType = "public.app-category.weather";
				INFOPLIST_KEY_UIApplicationSupportsIndirectInputEvents = YES;
				INFOPLIST_KEY_UILaunchStoryboardName = LaunchScreen;
				INFOPLIST_KEY_UIMainStoryboardFile = "";
				INFOPLIST_KEY_UISupportedInterfaceOrientations = UIInterfaceOrientationPortrait;
				INFOPLIST_KEY_UISupportedInterfaceOrientations_iPad = "UIInterfaceOrientationLandscapeLeft UIInterfaceOrientationLandscapeRight UIInterfaceOrientationPortrait UIInterfaceOrientationPortraitUpsideDown";
				LD_RUNPATH_SEARCH_PATHS = (
					"$(inherited)",
					"@executable_path/Frameworks",
				);
				MARKETING_VERSION = 1.0;
				PRODUCT_BUNDLE_IDENTIFIER = com.vladislavmiroshnichenko.Weather;
				PRODUCT_NAME = "$(TARGET_NAME)";
				SUPPORTED_PLATFORMS = "iphoneos iphonesimulator";
				SUPPORTS_MACCATALYST = NO;
				SUPPORTS_MAC_DESIGNED_FOR_IPHONE_IPAD = NO;
				SWIFT_EMIT_LOC_STRINGS = YES;
				SWIFT_VERSION = 5.0;
				TARGETED_DEVICE_FAMILY = 1;
			};
			name = Debug;
		};
		D3E4B38B2B240163001B55FA /* Release */ = {
			isa = XCBuildConfiguration;
			buildSettings = {
				ASSETCATALOG_COMPILER_APPICON_NAME = AppIcon;
				ASSETCATALOG_COMPILER_GLOBAL_ACCENT_COLOR_NAME = AccentColor;
				CODE_SIGN_STYLE = Automatic;
				CURRENT_PROJECT_VERSION = 1;
				DEVELOPMENT_TEAM = V9P9K4WJ2E;
				GENERATE_INFOPLIST_FILE = YES;
				INFOPLIST_FILE = Weather/Info.plist;
				INFOPLIST_KEY_CFBundleDisplayName = Weather;
				INFOPLIST_KEY_LSApplicationCategoryType = "public.app-category.weather";
				INFOPLIST_KEY_UIApplicationSupportsIndirectInputEvents = YES;
				INFOPLIST_KEY_UILaunchStoryboardName = LaunchScreen;
				INFOPLIST_KEY_UIMainStoryboardFile = "";
				INFOPLIST_KEY_UISupportedInterfaceOrientations = UIInterfaceOrientationPortrait;
				INFOPLIST_KEY_UISupportedInterfaceOrientations_iPad = "UIInterfaceOrientationLandscapeLeft UIInterfaceOrientationLandscapeRight UIInterfaceOrientationPortrait UIInterfaceOrientationPortraitUpsideDown";
				LD_RUNPATH_SEARCH_PATHS = (
					"$(inherited)",
					"@executable_path/Frameworks",
				);
				MARKETING_VERSION = 1.0;
				PRODUCT_BUNDLE_IDENTIFIER = com.vladislavmiroshnichenko.Weather;
				PRODUCT_NAME = "$(TARGET_NAME)";
				SUPPORTED_PLATFORMS = "iphoneos iphonesimulator";
				SUPPORTS_MACCATALYST = NO;
				SUPPORTS_MAC_DESIGNED_FOR_IPHONE_IPAD = NO;
				SWIFT_EMIT_LOC_STRINGS = YES;
				SWIFT_VERSION = 5.0;
				TARGETED_DEVICE_FAMILY = 1;
			};
			name = Release;
		};
/* End XCBuildConfiguration section */

/* Begin XCConfigurationList section */
		D3E4B3702B240161001B55FA /* Build configuration list for PBXProject "Weather" */ = {
			isa = XCConfigurationList;
			buildConfigurations = (
				D3E4B3872B240163001B55FA /* Debug */,
				D3E4B3882B240163001B55FA /* Release */,
			);
			defaultConfigurationIsVisible = 0;
			defaultConfigurationName = Release;
		};
		D3E4B3892B240163001B55FA /* Build configuration list for PBXNativeTarget "Weather" */ = {
			isa = XCConfigurationList;
			buildConfigurations = (
				D3E4B38A2B240163001B55FA /* Debug */,
				D3E4B38B2B240163001B55FA /* Release */,
			);
			defaultConfigurationIsVisible = 0;
			defaultConfigurationName = Release;
		};
/* End XCConfigurationList section */

/* Begin XCVersionGroup section */
		D385D3E42B248E1400BF983D /* Weather.xcdatamodeld */ = {
			isa = XCVersionGroup;
			children = (
				D385D3E52B248E1400BF983D /* Weather.xcdatamodel */,
			);
			currentVersion = D385D3E52B248E1400BF983D /* Weather.xcdatamodel */;
			path = Weather.xcdatamodeld;
			sourceTree = "<group>";
			versionGroupType = wrapper.xcdatamodel;
		};
/* End XCVersionGroup section */
	};
	rootObject = D3E4B36D2B240161001B55FA /* Project object */;
}
