// !$*UTF8*$!
{
	archiveVersion = 1;
	classes = {
	};
	objectVersion = 56;
	objects = {

/* Begin PBXBuildFile section */
		D3E4B3792B240161001B55FA /* AppDelegate.swift in Sources */ = {isa = PBXBuildFile; fileRef = D3E4B3782B240161001B55FA /* AppDelegate.swift */; };
		D3E4B37B2B240161001B55FA /* SceneDelegate.swift in Sources */ = {isa = PBXBuildFile; fileRef = D3E4B37A2B240161001B55FA /* SceneDelegate.swift */; };
		D3E4B3822B240163001B55FA /* Assets.xcassets in Resources */ = {isa = PBXBuildFile; fileRef = D3E4B3812B240163001B55FA /* Assets.xcassets */; };
		D3E4B3852B240163001B55FA /* LaunchScreen.storyboard in Resources */ = {isa = PBXBuildFile; fileRef = D3E4B3832B240163001B55FA /* LaunchScreen.storyboard */; };
		D3E4B3912B24028A001B55FA /* Resources.swift in Sources */ = {isa = PBXBuildFile; fileRef = D3E4B3902B24028A001B55FA /* Resources.swift */; };
		D3E4B39D2B240395001B55FA /* ForecastProtocol.swift in Sources */ = {isa = PBXBuildFile; fileRef = D3E4B3952B240394001B55FA /* ForecastProtocol.swift */; };
		D3E4B39E2B240395001B55FA /* WeatherResponseProtocol.swift in Sources */ = {isa = PBXBuildFile; fileRef = D3E4B3962B240395001B55FA /* WeatherResponseProtocol.swift */; };
		D3E4B39F2B240395001B55FA /* DailyForecastProtocol.swift in Sources */ = {isa = PBXBuildFile; fileRef = D3E4B3972B240395001B55FA /* DailyForecastProtocol.swift */; };
		D3E4B3A02B240395001B55FA /* ConditionProtocol.swift in Sources */ = {isa = PBXBuildFile; fileRef = D3E4B3982B240395001B55FA /* ConditionProtocol.swift */; };
		D3E4B3A12B240395001B55FA /* DayWeatherProtocol.swift in Sources */ = {isa = PBXBuildFile; fileRef = D3E4B3992B240395001B55FA /* DayWeatherProtocol.swift */; };
		D3E4B3A22B240395001B55FA /* CurrentWeatherProtocol.swift in Sources */ = {isa = PBXBuildFile; fileRef = D3E4B39A2B240395001B55FA /* CurrentWeatherProtocol.swift */; };
		D3E4B3A32B240395001B55FA /* CoordinatorProtocol.swift in Sources */ = {isa = PBXBuildFile; fileRef = D3E4B39B2B240395001B55FA /* CoordinatorProtocol.swift */; };
		D3E4B3A42B240395001B55FA /* RegionProtocol.swift in Sources */ = {isa = PBXBuildFile; fileRef = D3E4B39C2B240395001B55FA /* RegionProtocol.swift */; };
		D3E4B3AC2B2403A2001B55FA /* DayWeather.swift in Sources */ = {isa = PBXBuildFile; fileRef = D3E4B3A52B2403A2001B55FA /* DayWeather.swift */; };
		D3E4B3AD2B2403A2001B55FA /* WeatherResponse.swift in Sources */ = {isa = PBXBuildFile; fileRef = D3E4B3A62B2403A2001B55FA /* WeatherResponse.swift */; };
		D3E4B3AE2B2403A2001B55FA /* DailyForecast.swift in Sources */ = {isa = PBXBuildFile; fileRef = D3E4B3A72B2403A2001B55FA /* DailyForecast.swift */; };
		D3E4B3AF2B2403A2001B55FA /* CurrentWeather.swift in Sources */ = {isa = PBXBuildFile; fileRef = D3E4B3A82B2403A2001B55FA /* CurrentWeather.swift */; };
		D3E4B3B02B2403A2001B55FA /* Condition.swift in Sources */ = {isa = PBXBuildFile; fileRef = D3E4B3A92B2403A2001B55FA /* Condition.swift */; };
		D3E4B3B12B2403A2001B55FA /* Region.swift in Sources */ = {isa = PBXBuildFile; fileRef = D3E4B3AA2B2403A2001B55FA /* Region.swift */; };
		D3E4B3B22B2403A2001B55FA /* Forecast.swift in Sources */ = {isa = PBXBuildFile; fileRef = D3E4B3AB2B2403A2001B55FA /* Forecast.swift */; };
		D3E4B3B62B2403E1001B55FA /* NetworkManagerProtocol.swift in Sources */ = {isa = PBXBuildFile; fileRef = D3E4B3B52B2403E1001B55FA /* NetworkManagerProtocol.swift */; };
		D3E4B3B82B2403E7001B55FA /* NetworkManager.swift in Sources */ = {isa = PBXBuildFile; fileRef = D3E4B3B72B2403E7001B55FA /* NetworkManager.swift */; };
		D3E4B3C22B24049F001B55FA /* MainViewController.swift in Sources */ = {isa = PBXBuildFile; fileRef = D3E4B3C12B24049F001B55FA /* MainViewController.swift */; };
		D3E4B3C42B2404B3001B55FA /* MainViewModelProtocol.swift in Sources */ = {isa = PBXBuildFile; fileRef = D3E4B3C32B2404B3001B55FA /* MainViewModelProtocol.swift */; };
		D3E4B3C62B2404BB001B55FA /* MainViewModel.swift in Sources */ = {isa = PBXBuildFile; fileRef = D3E4B3C52B2404BB001B55FA /* MainViewModel.swift */; };
		D3E4B3C92B2404D2001B55FA /* MainViewFactoryProtocol.swift in Sources */ = {isa = PBXBuildFile; fileRef = D3E4B3C72B2404D2001B55FA /* MainViewFactoryProtocol.swift */; };
		D3E4B3CA2B2404D2001B55FA /* MainViewCoordinatorProtocol.swift in Sources */ = {isa = PBXBuildFile; fileRef = D3E4B3C82B2404D2001B55FA /* MainViewCoordinatorProtocol.swift */; };
		D3E4B3CD2B2404DE001B55FA /* MainViewCoordinator.swift in Sources */ = {isa = PBXBuildFile; fileRef = D3E4B3CB2B2404DE001B55FA /* MainViewCoordinator.swift */; };
		D3E4B3CE2B2404DE001B55FA /* MainViewFactory.swift in Sources */ = {isa = PBXBuildFile; fileRef = D3E4B3CC2B2404DE001B55FA /* MainViewFactory.swift */; };
		D3E4B3D02B2404EF001B55FA /* CollectionView.swift in Sources */ = {isa = PBXBuildFile; fileRef = D3E4B3CF2B2404EF001B55FA /* CollectionView.swift */; };
/* End PBXBuildFile section */

/* Begin PBXFileReference section */
		D3E4B3752B240161001B55FA /* Weather.app */ = {isa = PBXFileReference; explicitFileType = wrapper.application; includeInIndex = 0; path = Weather.app; sourceTree = BUILT_PRODUCTS_DIR; };
		D3E4B3782B240161001B55FA /* AppDelegate.swift */ = {isa = PBXFileReference; lastKnownFileType = sourcecode.swift; path = AppDelegate.swift; sourceTree = "<group>"; };
		D3E4B37A2B240161001B55FA /* SceneDelegate.swift */ = {isa = PBXFileReference; lastKnownFileType = sourcecode.swift; path = SceneDelegate.swift; sourceTree = "<group>"; };
		D3E4B3812B240163001B55FA /* Assets.xcassets */ = {isa = PBXFileReference; lastKnownFileType = folder.assetcatalog; path = Assets.xcassets; sourceTree = "<group>"; };
		D3E4B3842B240163001B55FA /* Base */ = {isa = PBXFileReference; lastKnownFileType = file.storyboard; name = Base; path = Base.lproj/LaunchScreen.storyboard; sourceTree = "<group>"; };
		D3E4B3862B240163001B55FA /* Info.plist */ = {isa = PBXFileReference; lastKnownFileType = text.plist.xml; path = Info.plist; sourceTree = "<group>"; };
		D3E4B3902B24028A001B55FA /* Resources.swift */ = {isa = PBXFileReference; fileEncoding = 4; lastKnownFileType = sourcecode.swift; path = Resources.swift; sourceTree = "<group>"; };
		D3E4B3952B240394001B55FA /* ForecastProtocol.swift */ = {isa = PBXFileReference; fileEncoding = 4; lastKnownFileType = sourcecode.swift; path = ForecastProtocol.swift; sourceTree = "<group>"; };
		D3E4B3962B240395001B55FA /* WeatherResponseProtocol.swift */ = {isa = PBXFileReference; fileEncoding = 4; lastKnownFileType = sourcecode.swift; path = WeatherResponseProtocol.swift; sourceTree = "<group>"; };
		D3E4B3972B240395001B55FA /* DailyForecastProtocol.swift */ = {isa = PBXFileReference; fileEncoding = 4; lastKnownFileType = sourcecode.swift; path = DailyForecastProtocol.swift; sourceTree = "<group>"; };
		D3E4B3982B240395001B55FA /* ConditionProtocol.swift */ = {isa = PBXFileReference; fileEncoding = 4; lastKnownFileType = sourcecode.swift; path = ConditionProtocol.swift; sourceTree = "<group>"; };
		D3E4B3992B240395001B55FA /* DayWeatherProtocol.swift */ = {isa = PBXFileReference; fileEncoding = 4; lastKnownFileType = sourcecode.swift; path = DayWeatherProtocol.swift; sourceTree = "<group>"; };
		D3E4B39A2B240395001B55FA /* CurrentWeatherProtocol.swift */ = {isa = PBXFileReference; fileEncoding = 4; lastKnownFileType = sourcecode.swift; path = CurrentWeatherProtocol.swift; sourceTree = "<group>"; };
		D3E4B39B2B240395001B55FA /* CoordinatorProtocol.swift */ = {isa = PBXFileReference; fileEncoding = 4; lastKnownFileType = sourcecode.swift; path = CoordinatorProtocol.swift; sourceTree = "<group>"; };
		D3E4B39C2B240395001B55FA /* RegionProtocol.swift */ = {isa = PBXFileReference; fileEncoding = 4; lastKnownFileType = sourcecode.swift; path = RegionProtocol.swift; sourceTree = "<group>"; };
		D3E4B3A52B2403A2001B55FA /* DayWeather.swift */ = {isa = PBXFileReference; fileEncoding = 4; lastKnownFileType = sourcecode.swift; path = DayWeather.swift; sourceTree = "<group>"; };
		D3E4B3A62B2403A2001B55FA /* WeatherResponse.swift */ = {isa = PBXFileReference; fileEncoding = 4; lastKnownFileType = sourcecode.swift; path = WeatherResponse.swift; sourceTree = "<group>"; };
		D3E4B3A72B2403A2001B55FA /* DailyForecast.swift */ = {isa = PBXFileReference; fileEncoding = 4; lastKnownFileType = sourcecode.swift; path = DailyForecast.swift; sourceTree = "<group>"; };
		D3E4B3A82B2403A2001B55FA /* CurrentWeather.swift */ = {isa = PBXFileReference; fileEncoding = 4; lastKnownFileType = sourcecode.swift; path = CurrentWeather.swift; sourceTree = "<group>"; };
		D3E4B3A92B2403A2001B55FA /* Condition.swift */ = {isa = PBXFileReference; fileEncoding = 4; lastKnownFileType = sourcecode.swift; path = Condition.swift; sourceTree = "<group>"; };
		D3E4B3AA2B2403A2001B55FA /* Region.swift */ = {isa = PBXFileReference; fileEncoding = 4; lastKnownFileType = sourcecode.swift; path = Region.swift; sourceTree = "<group>"; };
		D3E4B3AB2B2403A2001B55FA /* Forecast.swift */ = {isa = PBXFileReference; fileEncoding = 4; lastKnownFileType = sourcecode.swift; path = Forecast.swift; sourceTree = "<group>"; };
		D3E4B3B52B2403E1001B55FA /* NetworkManagerProtocol.swift */ = {isa = PBXFileReference; fileEncoding = 4; lastKnownFileType = sourcecode.swift; path = NetworkManagerProtocol.swift; sourceTree = "<group>"; };
		D3E4B3B72B2403E7001B55FA /* NetworkManager.swift */ = {isa = PBXFileReference; fileEncoding = 4; lastKnownFileType = sourcecode.swift; path = NetworkManager.swift; sourceTree = "<group>"; };
		D3E4B3C12B24049F001B55FA /* MainViewController.swift */ = {isa = PBXFileReference; fileEncoding = 4; lastKnownFileType = sourcecode.swift; path = MainViewController.swift; sourceTree = "<group>"; };
		D3E4B3C32B2404B3001B55FA /* MainViewModelProtocol.swift */ = {isa = PBXFileReference; fileEncoding = 4; lastKnownFileType = sourcecode.swift; path = MainViewModelProtocol.swift; sourceTree = "<group>"; };
		D3E4B3C52B2404BB001B55FA /* MainViewModel.swift */ = {isa = PBXFileReference; fileEncoding = 4; lastKnownFileType = sourcecode.swift; path = MainViewModel.swift; sourceTree = "<group>"; };
		D3E4B3C72B2404D2001B55FA /* MainViewFactoryProtocol.swift */ = {isa = PBXFileReference; fileEncoding = 4; lastKnownFileType = sourcecode.swift; path = MainViewFactoryProtocol.swift; sourceTree = "<group>"; };
		D3E4B3C82B2404D2001B55FA /* MainViewCoordinatorProtocol.swift */ = {isa = PBXFileReference; fileEncoding = 4; lastKnownFileType = sourcecode.swift; path = MainViewCoordinatorProtocol.swift; sourceTree = "<group>"; };
		D3E4B3CB2B2404DE001B55FA /* MainViewCoordinator.swift */ = {isa = PBXFileReference; fileEncoding = 4; lastKnownFileType = sourcecode.swift; path = MainViewCoordinator.swift; sourceTree = "<group>"; };
		D3E4B3CC2B2404DE001B55FA /* MainViewFactory.swift */ = {isa = PBXFileReference; fileEncoding = 4; lastKnownFileType = sourcecode.swift; path = MainViewFactory.swift; sourceTree = "<group>"; };
		D3E4B3CF2B2404EF001B55FA /* CollectionView.swift */ = {isa = PBXFileReference; fileEncoding = 4; lastKnownFileType = sourcecode.swift; path = CollectionView.swift; sourceTree = "<group>"; };
/* End PBXFileReference section */

/* Begin PBXFrameworksBuildPhase section */
		D3E4B3722B240161001B55FA /* Frameworks */ = {
			isa = PBXFrameworksBuildPhase;
			buildActionMask = 2147483647;
			files = (
			);
			runOnlyForDeploymentPostprocessing = 0;
		};
/* End PBXFrameworksBuildPhase section */

/* Begin PBXGroup section */
		D3E4B36C2B240161001B55FA = {
			isa = PBXGroup;
			children = (
				D3E4B3772B240161001B55FA /* Weather */,
				D3E4B3762B240161001B55FA /* Products */,
			);
			sourceTree = "<group>";
		};
		D3E4B3762B240161001B55FA /* Products */ = {
			isa = PBXGroup;
			children = (
				D3E4B3752B240161001B55FA /* Weather.app */,
			);
			name = Products;
			sourceTree = "<group>";
		};
		D3E4B3772B240161001B55FA /* Weather */ = {
			isa = PBXGroup;
			children = (
				D3E4B3BE2B240471001B55FA /* Modules */,
				D3E4B38C2B2401F0001B55FA /* Core */,
				D3E4B3862B240163001B55FA /* Info.plist */,
			);
			path = Weather;
			sourceTree = "<group>";
		};
		D3E4B38C2B2401F0001B55FA /* Core */ = {
			isa = PBXGroup;
			children = (
				D3E4B3922B240374001B55FA /* Models */,
				D3E4B38F2B240237001B55FA /* Resources */,
				D3E4B37A2B240161001B55FA /* SceneDelegate.swift */,
				D3E4B3782B240161001B55FA /* AppDelegate.swift */,
			);
			path = Core;
			sourceTree = "<group>";
		};
		D3E4B38F2B240237001B55FA /* Resources */ = {
			isa = PBXGroup;
			children = (
				D3E4B3902B24028A001B55FA /* Resources.swift */,
				D3E4B3812B240163001B55FA /* Assets.xcassets */,
				D3E4B3832B240163001B55FA /* LaunchScreen.storyboard */,
			);
			name = Resources;
			path = Resources/Resources;
			sourceTree = "<group>";
		};
		D3E4B3922B240374001B55FA /* Models */ = {
			isa = PBXGroup;
			children = (
				D3E4B3B32B2403C8001B55FA /* Managers */,
				D3E4B3932B240383001B55FA /* DataModels */,
			);
			path = Models;
			sourceTree = "<group>";
		};
		D3E4B3932B240383001B55FA /* DataModels */ = {
			isa = PBXGroup;
			children = (
				D3E4B3942B240388001B55FA /* Protocols */,
				D3E4B3A92B2403A2001B55FA /* Condition.swift */,
				D3E4B3A82B2403A2001B55FA /* CurrentWeather.swift */,
				D3E4B3A72B2403A2001B55FA /* DailyForecast.swift */,
				D3E4B3A52B2403A2001B55FA /* DayWeather.swift */,
				D3E4B3AB2B2403A2001B55FA /* Forecast.swift */,
				D3E4B3AA2B2403A2001B55FA /* Region.swift */,
				D3E4B3A62B2403A2001B55FA /* WeatherResponse.swift */,
			);
			path = DataModels;
			sourceTree = "<group>";
		};
		D3E4B3942B240388001B55FA /* Protocols */ = {
			isa = PBXGroup;
			children = (
				D3E4B3982B240395001B55FA /* ConditionProtocol.swift */,
				D3E4B39B2B240395001B55FA /* CoordinatorProtocol.swift */,
				D3E4B39A2B240395001B55FA /* CurrentWeatherProtocol.swift */,
				D3E4B3972B240395001B55FA /* DailyForecastProtocol.swift */,
				D3E4B3992B240395001B55FA /* DayWeatherProtocol.swift */,
				D3E4B3952B240394001B55FA /* ForecastProtocol.swift */,
				D3E4B39C2B240395001B55FA /* RegionProtocol.swift */,
				D3E4B3962B240395001B55FA /* WeatherResponseProtocol.swift */,
			);
			path = Protocols;
			sourceTree = "<group>";
		};
		D3E4B3B32B2403C8001B55FA /* Managers */ = {
			isa = PBXGroup;
			children = (
				D3E4B3B42B2403CE001B55FA /* Protocols */,
				D3E4B3B72B2403E7001B55FA /* NetworkManager.swift */,
			);
			path = Managers;
			sourceTree = "<group>";
		};
		D3E4B3B42B2403CE001B55FA /* Protocols */ = {
			isa = PBXGroup;
			children = (
				D3E4B3B52B2403E1001B55FA /* NetworkManagerProtocol.swift */,
			);
			path = Protocols;
			sourceTree = "<group>";
		};
		D3E4B3B92B240445001B55FA /* MainView */ = {
			isa = PBXGroup;
			children = (
				D3E4B3CF2B2404EF001B55FA /* CollectionView.swift */,
				D3E4B3BA2B24044B001B55FA /* Views */,
				D3E4B3BC2B24045C001B55FA /* ViewModels */,
				D3E4B3BF2B240480001B55FA /* Models */,
			);
			path = MainView;
			sourceTree = "<group>";
		};
		D3E4B3BA2B24044B001B55FA /* Views */ = {
			isa = PBXGroup;
			children = (
				D3E4B3C12B24049F001B55FA /* MainViewController.swift */,
			);
			path = Views;
			sourceTree = "<group>";
		};
		D3E4B3BC2B24045C001B55FA /* ViewModels */ = {
			isa = PBXGroup;
			children = (
				D3E4B3BD2B240467001B55FA /* Protocols */,
				D3E4B3C52B2404BB001B55FA /* MainViewModel.swift */,
			);
			path = ViewModels;
			sourceTree = "<group>";
		};
		D3E4B3BD2B240467001B55FA /* Protocols */ = {
			isa = PBXGroup;
			children = (
				D3E4B3C32B2404B3001B55FA /* MainViewModelProtocol.swift */,
			);
			path = Protocols;
			sourceTree = "<group>";
		};
		D3E4B3BE2B240471001B55FA /* Modules */ = {
			isa = PBXGroup;
			children = (
				D3E4B3B92B240445001B55FA /* MainView */,
			);
			path = Modules;
			sourceTree = "<group>";
		};
		D3E4B3BF2B240480001B55FA /* Models */ = {
			isa = PBXGroup;
			children = (
				D3E4B3C02B240485001B55FA /* Protocols */,
				D3E4B3CB2B2404DE001B55FA /* MainViewCoordinator.swift */,
				D3E4B3CC2B2404DE001B55FA /* MainViewFactory.swift */,
			);
			path = Models;
			sourceTree = "<group>";
		};
		D3E4B3C02B240485001B55FA /* Protocols */ = {
			isa = PBXGroup;
			children = (
				D3E4B3C82B2404D2001B55FA /* MainViewCoordinatorProtocol.swift */,
				D3E4B3C72B2404D2001B55FA /* MainViewFactoryProtocol.swift */,
			);
			path = Protocols;
			sourceTree = "<group>";
		};
/* End PBXGroup section */

/* Begin PBXNativeTarget section */
		D3E4B3742B240161001B55FA /* Weather */ = {
			isa = PBXNativeTarget;
			buildConfigurationList = D3E4B3892B240163001B55FA /* Build configuration list for PBXNativeTarget "Weather" */;
			buildPhases = (
				D3E4B3712B240161001B55FA /* Sources */,
				D3E4B3722B240161001B55FA /* Frameworks */,
				D3E4B3732B240161001B55FA /* Resources */,
			);
			buildRules = (
			);
			dependencies = (
			);
			name = Weather;
			productName = Weather;
			productReference = D3E4B3752B240161001B55FA /* Weather.app */;
			productType = "com.apple.product-type.application";
		};
/* End PBXNativeTarget section */

/* Begin PBXProject section */
		D3E4B36D2B240161001B55FA /* Project object */ = {
			isa = PBXProject;
			attributes = {
				BuildIndependentTargetsInParallel = 1;
				LastSwiftUpdateCheck = 1500;
				LastUpgradeCheck = 1500;
				TargetAttributes = {
					D3E4B3742B240161001B55FA = {
						CreatedOnToolsVersion = 15.0.1;
					};
				};
			};
			buildConfigurationList = D3E4B3702B240161001B55FA /* Build configuration list for PBXProject "Weather" */;
			compatibilityVersion = "Xcode 14.0";
			developmentRegion = en;
			hasScannedForEncodings = 0;
			knownRegions = (
				en,
				Base,
			);
			mainGroup = D3E4B36C2B240161001B55FA;
			productRefGroup = D3E4B3762B240161001B55FA /* Products */;
			projectDirPath = "";
			projectRoot = "";
			targets = (
				D3E4B3742B240161001B55FA /* Weather */,
			);
		};
/* End PBXProject section */

/* Begin PBXResourcesBuildPhase section */
		D3E4B3732B240161001B55FA /* Resources */ = {
			isa = PBXResourcesBuildPhase;
			buildActionMask = 2147483647;
			files = (
				D3E4B3852B240163001B55FA /* LaunchScreen.storyboard in Resources */,
				D3E4B3822B240163001B55FA /* Assets.xcassets in Resources */,
			);
			runOnlyForDeploymentPostprocessing = 0;
		};
/* End PBXResourcesBuildPhase section */

/* Begin PBXSourcesBuildPhase section */
		D3E4B3712B240161001B55FA /* Sources */ = {
			isa = PBXSourcesBuildPhase;
			buildActionMask = 2147483647;
			files = (
				D3E4B3C22B24049F001B55FA /* MainViewController.swift in Sources */,
				D3E4B3AE2B2403A2001B55FA /* DailyForecast.swift in Sources */,
				D3E4B3D02B2404EF001B55FA /* CollectionView.swift in Sources */,
				D3E4B3B12B2403A2001B55FA /* Region.swift in Sources */,
				D3E4B3B02B2403A2001B55FA /* Condition.swift in Sources */,
				D3E4B3CE2B2404DE001B55FA /* MainViewFactory.swift in Sources */,
				D3E4B3CD2B2404DE001B55FA /* MainViewCoordinator.swift in Sources */,
				D3E4B3AF2B2403A2001B55FA /* CurrentWeather.swift in Sources */,
				D3E4B3B22B2403A2001B55FA /* Forecast.swift in Sources */,
				D3E4B3A22B240395001B55FA /* CurrentWeatherProtocol.swift in Sources */,
				D3E4B3AC2B2403A2001B55FA /* DayWeather.swift in Sources */,
				D3E4B3912B24028A001B55FA /* Resources.swift in Sources */,
				D3E4B3A32B240395001B55FA /* CoordinatorProtocol.swift in Sources */,
				D3E4B3CA2B2404D2001B55FA /* MainViewCoordinatorProtocol.swift in Sources */,
				D3E4B3C92B2404D2001B55FA /* MainViewFactoryProtocol.swift in Sources */,
				D3E4B3792B240161001B55FA /* AppDelegate.swift in Sources */,
				D3E4B3AD2B2403A2001B55FA /* WeatherResponse.swift in Sources */,
				D3E4B3A42B240395001B55FA /* RegionProtocol.swift in Sources */,
				D3E4B3B82B2403E7001B55FA /* NetworkManager.swift in Sources */,
				D3E4B39E2B240395001B55FA /* WeatherResponseProtocol.swift in Sources */,
				D3E4B3A12B240395001B55FA /* DayWeatherProtocol.swift in Sources */,
				D3E4B3A02B240395001B55FA /* ConditionProtocol.swift in Sources */,
				D3E4B3C42B2404B3001B55FA /* MainViewModelProtocol.swift in Sources */,
				D3E4B3B62B2403E1001B55FA /* NetworkManagerProtocol.swift in Sources */,
				D3E4B39D2B240395001B55FA /* ForecastProtocol.swift in Sources */,
				D3E4B39F2B240395001B55FA /* DailyForecastProtocol.swift in Sources */,
				D3E4B3C62B2404BB001B55FA /* MainViewModel.swift in Sources */,
				D3E4B37B2B240161001B55FA /* SceneDelegate.swift in Sources */,
			);
			runOnlyForDeploymentPostprocessing = 0;
		};
/* End PBXSourcesBuildPhase section */

/* Begin PBXVariantGroup section */
		D3E4B3832B240163001B55FA /* LaunchScreen.storyboard */ = {
			isa = PBXVariantGroup;
			children = (
				D3E4B3842B240163001B55FA /* Base */,
			);
			name = LaunchScreen.storyboard;
			sourceTree = "<group>";
		};
/* End PBXVariantGroup section */

/* Begin XCBuildConfiguration section */
		D3E4B3872B240163001B55FA /* Debug */ = {
			isa = XCBuildConfiguration;
			buildSettings = {
				ALWAYS_SEARCH_USER_PATHS = NO;
				ASSETCATALOG_COMPILER_GENERATE_SWIFT_ASSET_SYMBOL_EXTENSIONS = YES;
				CLANG_ANALYZER_NONNULL = YES;
				CLANG_ANALYZER_NUMBER_OBJECT_CONVERSION = YES_AGGRESSIVE;
				CLANG_CXX_LANGUAGE_STANDARD = "gnu++20";
				CLANG_ENABLE_MODULES = YES;
				CLANG_ENABLE_OBJC_ARC = YES;
				CLANG_ENABLE_OBJC_WEAK = YES;
				CLANG_WARN_BLOCK_CAPTURE_AUTORELEASING = YES;
				CLANG_WARN_BOOL_CONVERSION = YES;
				CLANG_WARN_COMMA = YES;
				CLANG_WARN_CONSTANT_CONVERSION = YES;
				CLANG_WARN_DEPRECATED_OBJC_IMPLEMENTATIONS = YES;
				CLANG_WARN_DIRECT_OBJC_ISA_USAGE = YES_ERROR;
				CLANG_WARN_DOCUMENTATION_COMMENTS = YES;
				CLANG_WARN_EMPTY_BODY = YES;
				CLANG_WARN_ENUM_CONVERSION = YES;
				CLANG_WARN_INFINITE_RECURSION = YES;
				CLANG_WARN_INT_CONVERSION = YES;
				CLANG_WARN_NON_LITERAL_NULL_CONVERSION = YES;
				CLANG_WARN_OBJC_IMPLICIT_RETAIN_SELF = YES;
				CLANG_WARN_OBJC_LITERAL_CONVERSION = YES;
				CLANG_WARN_OBJC_ROOT_CLASS = YES_ERROR;
				CLANG_WARN_QUOTED_INCLUDE_IN_FRAMEWORK_HEADER = YES;
				CLANG_WARN_RANGE_LOOP_ANALYSIS = YES;
				CLANG_WARN_STRICT_PROTOTYPES = YES;
				CLANG_WARN_SUSPICIOUS_MOVE = YES;
				CLANG_WARN_UNGUARDED_AVAILABILITY = YES_AGGRESSIVE;
				CLANG_WARN_UNREACHABLE_CODE = YES;
				CLANG_WARN__DUPLICATE_METHOD_MATCH = YES;
				COPY_PHASE_STRIP = NO;
				DEBUG_INFORMATION_FORMAT = dwarf;
				ENABLE_STRICT_OBJC_MSGSEND = YES;
				ENABLE_TESTABILITY = YES;
				ENABLE_USER_SCRIPT_SANDBOXING = YES;
				GCC_C_LANGUAGE_STANDARD = gnu17;
				GCC_DYNAMIC_NO_PIC = NO;
				GCC_NO_COMMON_BLOCKS = YES;
				GCC_OPTIMIZATION_LEVEL = 0;
				GCC_PREPROCESSOR_DEFINITIONS = (
					"DEBUG=1",
					"$(inherited)",
				);
				GCC_WARN_64_TO_32_BIT_CONVERSION = YES;
				GCC_WARN_ABOUT_RETURN_TYPE = YES_ERROR;
				GCC_WARN_UNDECLARED_SELECTOR = YES;
				GCC_WARN_UNINITIALIZED_AUTOS = YES_AGGRESSIVE;
				GCC_WARN_UNUSED_FUNCTION = YES;
				GCC_WARN_UNUSED_VARIABLE = YES;
				IPHONEOS_DEPLOYMENT_TARGET = 17.0;
				LOCALIZATION_PREFERS_STRING_CATALOGS = YES;
				MTL_ENABLE_DEBUG_INFO = INCLUDE_SOURCE;
				MTL_FAST_MATH = YES;
				ONLY_ACTIVE_ARCH = YES;
				SDKROOT = iphoneos;
				SWIFT_ACTIVE_COMPILATION_CONDITIONS = "DEBUG $(inherited)";
				SWIFT_OPTIMIZATION_LEVEL = "-Onone";
			};
			name = Debug;
		};
		D3E4B3882B240163001B55FA /* Release */ = {
			isa = XCBuildConfiguration;
			buildSettings = {
				ALWAYS_SEARCH_USER_PATHS = NO;
				ASSETCATALOG_COMPILER_GENERATE_SWIFT_ASSET_SYMBOL_EXTENSIONS = YES;
				CLANG_ANALYZER_NONNULL = YES;
				CLANG_ANALYZER_NUMBER_OBJECT_CONVERSION = YES_AGGRESSIVE;
				CLANG_CXX_LANGUAGE_STANDARD = "gnu++20";
				CLANG_ENABLE_MODULES = YES;
				CLANG_ENABLE_OBJC_ARC = YES;
				CLANG_ENABLE_OBJC_WEAK = YES;
				CLANG_WARN_BLOCK_CAPTURE_AUTORELEASING = YES;
				CLANG_WARN_BOOL_CONVERSION = YES;
				CLANG_WARN_COMMA = YES;
				CLANG_WARN_CONSTANT_CONVERSION = YES;
				CLANG_WARN_DEPRECATED_OBJC_IMPLEMENTATIONS = YES;
				CLANG_WARN_DIRECT_OBJC_ISA_USAGE = YES_ERROR;
				CLANG_WARN_DOCUMENTATION_COMMENTS = YES;
				CLANG_WARN_EMPTY_BODY = YES;
				CLANG_WARN_ENUM_CONVERSION = YES;
				CLANG_WARN_INFINITE_RECURSION = YES;
				CLANG_WARN_INT_CONVERSION = YES;
				CLANG_WARN_NON_LITERAL_NULL_CONVERSION = YES;
				CLANG_WARN_OBJC_IMPLICIT_RETAIN_SELF = YES;
				CLANG_WARN_OBJC_LITERAL_CONVERSION = YES;
				CLANG_WARN_OBJC_ROOT_CLASS = YES_ERROR;
				CLANG_WARN_QUOTED_INCLUDE_IN_FRAMEWORK_HEADER = YES;
				CLANG_WARN_RANGE_LOOP_ANALYSIS = YES;
				CLANG_WARN_STRICT_PROTOTYPES = YES;
				CLANG_WARN_SUSPICIOUS_MOVE = YES;
				CLANG_WARN_UNGUARDED_AVAILABILITY = YES_AGGRESSIVE;
				CLANG_WARN_UNREACHABLE_CODE = YES;
				CLANG_WARN__DUPLICATE_METHOD_MATCH = YES;
				COPY_PHASE_STRIP = NO;
				DEBUG_INFORMATION_FORMAT = "dwarf-with-dsym";
				ENABLE_NS_ASSERTIONS = NO;
				ENABLE_STRICT_OBJC_MSGSEND = YES;
				ENABLE_USER_SCRIPT_SANDBOXING = YES;
				GCC_C_LANGUAGE_STANDARD = gnu17;
				GCC_NO_COMMON_BLOCKS = YES;
				GCC_WARN_64_TO_32_BIT_CONVERSION = YES;
				GCC_WARN_ABOUT_RETURN_TYPE = YES_ERROR;
				GCC_WARN_UNDECLARED_SELECTOR = YES;
				GCC_WARN_UNINITIALIZED_AUTOS = YES_AGGRESSIVE;
				GCC_WARN_UNUSED_FUNCTION = YES;
				GCC_WARN_UNUSED_VARIABLE = YES;
				IPHONEOS_DEPLOYMENT_TARGET = 17.0;
				LOCALIZATION_PREFERS_STRING_CATALOGS = YES;
				MTL_ENABLE_DEBUG_INFO = NO;
				MTL_FAST_MATH = YES;
				SDKROOT = iphoneos;
				SWIFT_COMPILATION_MODE = wholemodule;
				VALIDATE_PRODUCT = YES;
			};
			name = Release;
		};
		D3E4B38A2B240163001B55FA /* Debug */ = {
			isa = XCBuildConfiguration;
			buildSettings = {
				ASSETCATALOG_COMPILER_APPICON_NAME = AppIcon;
				ASSETCATALOG_COMPILER_GLOBAL_ACCENT_COLOR_NAME = AccentColor;
				CODE_SIGN_STYLE = Automatic;
				CURRENT_PROJECT_VERSION = 1;
				DEVELOPMENT_TEAM = V9P9K4WJ2E;
				GENERATE_INFOPLIST_FILE = YES;
				INFOPLIST_FILE = Weather/Info.plist;
				INFOPLIST_KEY_CFBundleDisplayName = Weather;
				INFOPLIST_KEY_LSApplicationCategoryType = "public.app-category.weather";
				INFOPLIST_KEY_UIApplicationSupportsIndirectInputEvents = YES;
				INFOPLIST_KEY_UILaunchStoryboardName = LaunchScreen;
				INFOPLIST_KEY_UIMainStoryboardFile = "";
				INFOPLIST_KEY_UISupportedInterfaceOrientations = UIInterfaceOrientationPortrait;
				INFOPLIST_KEY_UISupportedInterfaceOrientations_iPad = "UIInterfaceOrientationLandscapeLeft UIInterfaceOrientationLandscapeRight UIInterfaceOrientationPortrait UIInterfaceOrientationPortraitUpsideDown";
				LD_RUNPATH_SEARCH_PATHS = (
					"$(inherited)",
					"@executable_path/Frameworks",
				);
				MARKETING_VERSION = 1.0;
				PRODUCT_BUNDLE_IDENTIFIER = com.vladislavmiroshnichenko.Weather;
				PRODUCT_NAME = "$(TARGET_NAME)";
				SUPPORTED_PLATFORMS = "iphoneos iphonesimulator";
				SUPPORTS_MACCATALYST = NO;
				SUPPORTS_MAC_DESIGNED_FOR_IPHONE_IPAD = NO;
				SWIFT_EMIT_LOC_STRINGS = YES;
				SWIFT_VERSION = 5.0;
				TARGETED_DEVICE_FAMILY = 1;
			};
			name = Debug;
		};
		D3E4B38B2B240163001B55FA /* Release */ = {
			isa = XCBuildConfiguration;
			buildSettings = {
				ASSETCATALOG_COMPILER_APPICON_NAME = AppIcon;
				ASSETCATALOG_COMPILER_GLOBAL_ACCENT_COLOR_NAME = AccentColor;
				CODE_SIGN_STYLE = Automatic;
				CURRENT_PROJECT_VERSION = 1;
				DEVELOPMENT_TEAM = V9P9K4WJ2E;
				GENERATE_INFOPLIST_FILE = YES;
				INFOPLIST_FILE = Weather/Info.plist;
				INFOPLIST_KEY_CFBundleDisplayName = Weather;
				INFOPLIST_KEY_LSApplicationCategoryType = "public.app-category.weather";
				INFOPLIST_KEY_UIApplicationSupportsIndirectInputEvents = YES;
				INFOPLIST_KEY_UILaunchStoryboardName = LaunchScreen;
				INFOPLIST_KEY_UIMainStoryboardFile = "";
				INFOPLIST_KEY_UISupportedInterfaceOrientations = UIInterfaceOrientationPortrait;
				INFOPLIST_KEY_UISupportedInterfaceOrientations_iPad = "UIInterfaceOrientationLandscapeLeft UIInterfaceOrientationLandscapeRight UIInterfaceOrientationPortrait UIInterfaceOrientationPortraitUpsideDown";
				LD_RUNPATH_SEARCH_PATHS = (
					"$(inherited)",
					"@executable_path/Frameworks",
				);
				MARKETING_VERSION = 1.0;
				PRODUCT_BUNDLE_IDENTIFIER = com.vladislavmiroshnichenko.Weather;
				PRODUCT_NAME = "$(TARGET_NAME)";
				SUPPORTED_PLATFORMS = "iphoneos iphonesimulator";
				SUPPORTS_MACCATALYST = NO;
				SUPPORTS_MAC_DESIGNED_FOR_IPHONE_IPAD = NO;
				SWIFT_EMIT_LOC_STRINGS = YES;
				SWIFT_VERSION = 5.0;
				TARGETED_DEVICE_FAMILY = 1;
			};
			name = Release;
		};
/* End XCBuildConfiguration section */

/* Begin XCConfigurationList section */
		D3E4B3702B240161001B55FA /* Build configuration list for PBXProject "Weather" */ = {
			isa = XCConfigurationList;
			buildConfigurations = (
				D3E4B3872B240163001B55FA /* Debug */,
				D3E4B3882B240163001B55FA /* Release */,
			);
			defaultConfigurationIsVisible = 0;
			defaultConfigurationName = Release;
		};
		D3E4B3892B240163001B55FA /* Build configuration list for PBXNativeTarget "Weather" */ = {
			isa = XCConfigurationList;
			buildConfigurations = (
				D3E4B38A2B240163001B55FA /* Debug */,
				D3E4B38B2B240163001B55FA /* Release */,
			);
			defaultConfigurationIsVisible = 0;
			defaultConfigurationName = Release;
		};
/* End XCConfigurationList section */
	};
	rootObject = D3E4B36D2B240161001B55FA /* Project object */;
}
